<?xml version="1.0"?>
<plist version="1.0">
	<dict>
		<key>archiveVersion</key>
		<string>1</string>
		<key>classes</key>
		<dict />
		<key>objectVersion</key>
		<string>46</string>
		<key>objects</key>
		<dict>
			<key>38FFB71FA9B3878F6698ACEE</key>
			<dict>
				<key>fileRef</key>
				<string>58B5215D7A827A4CFA973F8A</string>
				<key>isa</key>
				<string>PBXBuildFile</string>
			</dict>
			<key>58B5215D7A827A4CFA973F8A</key>
			<dict>
				<key>explicitFileType</key>
				<string>sourcecode.cpp.cpp</string>
				<key>fileEncoding</key>
				<string>4</string>
				<key>isa</key>
				<string>PBXFileReference</string>
				<key>name</key>
				<string>tinyxmlparser.cpp</string>
				<key>path</key>
				<string>../../../../openFrameworks/addons/ofxXmlSettings/libs/tinyxmlparser.cpp</string>
				<key>sourceTree</key>
				<string>SOURCE_ROOT</string>
			</dict>
			<key>5732B662A0B9D0B2ACD8A692</key>
			<dict>
				<key>fileRef</key>
				<string>9C72D30F8346D9C93C85BAA9</string>
				<key>isa</key>
				<string>PBXBuildFile</string>
			</dict>
			<key>9C72D30F8346D9C93C85BAA9</key>
			<dict>
				<key>explicitFileType</key>
				<string>sourcecode.cpp.cpp</string>
				<key>fileEncoding</key>
				<string>4</string>
				<key>isa</key>
				<string>PBXFileReference</string>
				<key>name</key>
				<string>tinyxmlerror.cpp</string>
				<key>path</key>
				<string>../../../../openFrameworks/addons/ofxXmlSettings/libs/tinyxmlerror.cpp</string>
				<key>sourceTree</key>
				<string>SOURCE_ROOT</string>
			</dict>
			<key>CF5E488F5940BA9958E57478</key>
			<dict>
				<key>explicitFileType</key>
				<string>sourcecode.c.h</string>
				<key>fileEncoding</key>
				<string>4</string>
				<key>isa</key>
				<string>PBXFileReference</string>
				<key>name</key>
				<string>tinyxml.h</string>
				<key>path</key>
				<string>../../../../openFrameworks/addons/ofxXmlSettings/libs/tinyxml.h</string>
				<key>sourceTree</key>
				<string>SOURCE_ROOT</string>
			</dict>
			<key>6E54289412D2D94F45A05113</key>
			<dict>
				<key>children</key>
				<array>
					<string>4EA90F70CEB03E0CA78F4724</string>
					<string>CF5E488F5940BA9958E57478</string>
					<string>9C72D30F8346D9C93C85BAA9</string>
					<string>58B5215D7A827A4CFA973F8A</string>
				</array>
				<key>isa</key>
				<string>PBXGroup</string>
				<key>name</key>
				<string>libs</string>
				<key>sourceTree</key>
				<string>&lt;group&gt;</string>
			</dict>
			<key>0B66F1AE0CA4BD88FB8B04DC</key>
			<dict>
				<key>fileRef</key>
				<string>4EA90F70CEB03E0CA78F4724</string>
				<key>isa</key>
				<string>PBXBuildFile</string>
			</dict>
			<key>4EA90F70CEB03E0CA78F4724</key>
			<dict>
				<key>explicitFileType</key>
				<string>sourcecode.cpp.cpp</string>
				<key>fileEncoding</key>
				<string>4</string>
				<key>isa</key>
				<string>PBXFileReference</string>
				<key>name</key>
				<string>tinyxml.cpp</string>
				<key>path</key>
				<string>../../../../openFrameworks/addons/ofxXmlSettings/libs/tinyxml.cpp</string>
				<key>sourceTree</key>
				<string>SOURCE_ROOT</string>
			</dict>
			<key>AFC4A14857DD96C9FAD72BC8</key>
			<dict>
				<key>explicitFileType</key>
				<string>sourcecode.c.h</string>
				<key>fileEncoding</key>
				<string>4</string>
				<key>isa</key>
				<string>PBXFileReference</string>
				<key>name</key>
				<string>ofxXmlSettings.h</string>
				<key>path</key>
				<string>../../../../openFrameworks/addons/ofxXmlSettings/src/ofxXmlSettings.h</string>
				<key>sourceTree</key>
				<string>SOURCE_ROOT</string>
			</dict>
			<key>6ECEF0D76BC33727823EADFF</key>
			<dict>
				<key>children</key>
				<array>
					<string>83FAD31F373E10AD3DCE699E</string>
					<string>AFC4A14857DD96C9FAD72BC8</string>
				</array>
				<key>isa</key>
				<string>PBXGroup</string>
				<key>name</key>
				<string>src</string>
				<key>sourceTree</key>
				<string>&lt;group&gt;</string>
			</dict>
			<key>1F4FB5C423662B96ADFDCC0B</key>
			<dict>
				<key>children</key>
				<array>
					<string>6ECEF0D76BC33727823EADFF</string>
					<string>6E54289412D2D94F45A05113</string>
				</array>
				<key>isa</key>
				<string>PBXGroup</string>
				<key>name</key>
				<string>ofxXmlSettings</string>
				<key>sourceTree</key>
				<string>&lt;group&gt;</string>
			</dict>
			<key>F6534AED134055E88D5B93D8</key>
			<dict>
				<key>fileRef</key>
				<string>83FAD31F373E10AD3DCE699E</string>
				<key>isa</key>
				<string>PBXBuildFile</string>
			</dict>
			<key>83FAD31F373E10AD3DCE699E</key>
			<dict>
				<key>explicitFileType</key>
				<string>sourcecode.cpp.cpp</string>
				<key>fileEncoding</key>
				<string>4</string>
				<key>isa</key>
				<string>PBXFileReference</string>
				<key>name</key>
				<string>ofxXmlSettings.cpp</string>
				<key>path</key>
				<string>../../../../openFrameworks/addons/ofxXmlSettings/src/ofxXmlSettings.cpp</string>
				<key>sourceTree</key>
				<string>SOURCE_ROOT</string>
			</dict>
			<key>61AB6B7B9E999E9CBC258B3D</key>
			<dict>
				<key>explicitFileType</key>
				<string>sourcecode.c.h</string>
				<key>fileEncoding</key>
				<string>4</string>
				<key>isa</key>
				<string>PBXFileReference</string>
				<key>name</key>
				<string>CreEPS_Types.hpp</string>
				<key>path</key>
				<string>../../../../openFrameworks/addons/ofxVectorGraphics/libs/CreEPS_Types.hpp</string>
				<key>sourceTree</key>
				<string>SOURCE_ROOT</string>
			</dict>
			<key>D5F69BC20B035ADA37C56222</key>
			<dict>
				<key>explicitFileType</key>
				<string>sourcecode.c.h</string>
				<key>fileEncoding</key>
				<string>4</string>
				<key>isa</key>
				<string>PBXFileReference</string>
				<key>name</key>
				<string>CreEPS.hpp</string>
				<key>path</key>
				<string>../../../../openFrameworks/addons/ofxVectorGraphics/libs/CreEPS.hpp</string>
				<key>sourceTree</key>
				<string>SOURCE_ROOT</string>
			</dict>
			<key>0F437E4761003E66B16524BE</key>
			<dict>
				<key>children</key>
				<array>
					<string>C7A3E015FB8705DB09AFB0B6</string>
					<string>D5F69BC20B035ADA37C56222</string>
					<string>61AB6B7B9E999E9CBC258B3D</string>
				</array>
				<key>isa</key>
				<string>PBXGroup</string>
				<key>name</key>
				<string>libs</string>
				<key>sourceTree</key>
				<string>&lt;group&gt;</string>
			</dict>
			<key>D5B609AEDE1ECCD759E86588</key>
			<dict>
				<key>fileRef</key>
				<string>C7A3E015FB8705DB09AFB0B6</string>
				<key>isa</key>
				<string>PBXBuildFile</string>
			</dict>
			<key>C7A3E015FB8705DB09AFB0B6</key>
			<dict>
				<key>explicitFileType</key>
				<string>sourcecode.cpp.cpp</string>
				<key>fileEncoding</key>
				<string>4</string>
				<key>isa</key>
				<string>PBXFileReference</string>
				<key>name</key>
				<string>CreEPS.cpp</string>
				<key>path</key>
				<string>../../../../openFrameworks/addons/ofxVectorGraphics/libs/CreEPS.cpp</string>
				<key>sourceTree</key>
				<string>SOURCE_ROOT</string>
			</dict>
			<key>9A35073A4C43719F98D8BD9C</key>
			<dict>
				<key>explicitFileType</key>
				<string>sourcecode.c.h</string>
				<key>fileEncoding</key>
				<string>4</string>
				<key>isa</key>
				<string>PBXFileReference</string>
				<key>name</key>
				<string>ofxVectorGraphics.h</string>
				<key>path</key>
				<string>../../../../openFrameworks/addons/ofxVectorGraphics/src/ofxVectorGraphics.h</string>
				<key>sourceTree</key>
				<string>SOURCE_ROOT</string>
			</dict>
			<key>3801B04C72ADFE74ED284693</key>
			<dict>
				<key>children</key>
				<array>
					<string>730044FB7159FBB1619EE1B4</string>
					<string>9A35073A4C43719F98D8BD9C</string>
				</array>
				<key>isa</key>
				<string>PBXGroup</string>
				<key>name</key>
				<string>src</string>
				<key>sourceTree</key>
				<string>&lt;group&gt;</string>
			</dict>
			<key>916B8DF9E7519F5BB8A2990B</key>
			<dict>
				<key>children</key>
				<array>
					<string>3801B04C72ADFE74ED284693</string>
					<string>0F437E4761003E66B16524BE</string>
				</array>
				<key>isa</key>
				<string>PBXGroup</string>
				<key>name</key>
				<string>ofxVectorGraphics</string>
				<key>sourceTree</key>
				<string>&lt;group&gt;</string>
			</dict>
			<key>47C88243EB18BFF1BB72A25F</key>
			<dict>
				<key>fileRef</key>
				<string>730044FB7159FBB1619EE1B4</string>
				<key>isa</key>
				<string>PBXBuildFile</string>
			</dict>
			<key>730044FB7159FBB1619EE1B4</key>
			<dict>
				<key>explicitFileType</key>
				<string>sourcecode.cpp.cpp</string>
				<key>fileEncoding</key>
				<string>4</string>
				<key>isa</key>
				<string>PBXFileReference</string>
				<key>name</key>
				<string>ofxVectorGraphics.cpp</string>
				<key>path</key>
				<string>../../../../openFrameworks/addons/ofxVectorGraphics/src/ofxVectorGraphics.cpp</string>
				<key>sourceTree</key>
				<string>SOURCE_ROOT</string>
			</dict>
			<key>CBB0EC04A879D9C8DBD295B8</key>
			<dict>
				<key>children</key>
				<array>
					<string>08040C0CF29E3F2B4122BE86</string>
				</array>
				<key>isa</key>
				<string>PBXGroup</string>
				<key>name</key>
				<string>include</string>
				<key>sourceTree</key>
				<string>&lt;group&gt;</string>
			</dict>
			<key>56C3EF4F8B6741F408B86361</key>
			<dict>
				<key>children</key>
				<array>
					<string>CBB0EC04A879D9C8DBD295B8</string>
				</array>
				<key>isa</key>
				<string>PBXGroup</string>
				<key>name</key>
				<string>svgtiny</string>
				<key>sourceTree</key>
				<string>&lt;group&gt;</string>
			</dict>
			<key>08040C0CF29E3F2B4122BE86</key>
			<dict>
				<key>explicitFileType</key>
				<string>sourcecode.c.h</string>
				<key>fileEncoding</key>
				<string>4</string>
				<key>isa</key>
				<string>PBXFileReference</string>
				<key>name</key>
				<string>svgtiny.h</string>
				<key>path</key>
				<string>../../../../openFrameworks/addons/ofxSvg/libs/svgtiny/include/svgtiny.h</string>
				<key>sourceTree</key>
				<string>SOURCE_ROOT</string>
			</dict>
			<key>232B923114C2AA526ED75B50</key>
			<dict>
				<key>explicitFileType</key>
				<string>sourcecode.c.h</string>
				<key>fileEncoding</key>
				<string>4</string>
				<key>isa</key>
				<string>PBXFileReference</string>
				<key>name</key>
				<string>xpointer.h</string>
				<key>path</key>
				<string>../../../../openFrameworks/addons/ofxSvg/libs/libxml2/include/libxml/xpointer.h</string>
				<key>sourceTree</key>
				<string>SOURCE_ROOT</string>
			</dict>
			<key>99A95C904A8AB50E5019FD22</key>
			<dict>
				<key>explicitFileType</key>
				<string>sourcecode.c.h</string>
				<key>fileEncoding</key>
				<string>4</string>
				<key>isa</key>
				<string>PBXFileReference</string>
				<key>name</key>
				<string>xpathInternals.h</string>
				<key>path</key>
				<string>../../../../openFrameworks/addons/ofxSvg/libs/libxml2/include/libxml/xpathInternals.h</string>
				<key>sourceTree</key>
				<string>SOURCE_ROOT</string>
			</dict>
			<key>FE19CE02719E0603292412A4</key>
			<dict>
				<key>explicitFileType</key>
				<string>sourcecode.c.h</string>
				<key>fileEncoding</key>
				<string>4</string>
				<key>isa</key>
				<string>PBXFileReference</string>
				<key>name</key>
				<string>xpath.h</string>
				<key>path</key>
				<string>../../../../openFrameworks/addons/ofxSvg/libs/libxml2/include/libxml/xpath.h</string>
				<key>sourceTree</key>
				<string>SOURCE_ROOT</string>
			</dict>
			<key>B5A0BB21167E2ECCF45AD86A</key>
			<dict>
				<key>explicitFileType</key>
				<string>sourcecode.c.h</string>
				<key>fileEncoding</key>
				<string>4</string>
				<key>isa</key>
				<string>PBXFileReference</string>
				<key>name</key>
				<string>xmlwriter.h</string>
				<key>path</key>
				<string>../../../../openFrameworks/addons/ofxSvg/libs/libxml2/include/libxml/xmlwriter.h</string>
				<key>sourceTree</key>
				<string>SOURCE_ROOT</string>
			</dict>
			<key>439E6BE868963E7F180719BB</key>
			<dict>
				<key>explicitFileType</key>
				<string>sourcecode.c.h</string>
				<key>fileEncoding</key>
				<string>4</string>
				<key>isa</key>
				<string>PBXFileReference</string>
				<key>name</key>
				<string>xmlversion.h</string>
				<key>path</key>
				<string>../../../../openFrameworks/addons/ofxSvg/libs/libxml2/include/libxml/xmlversion.h</string>
				<key>sourceTree</key>
				<string>SOURCE_ROOT</string>
			</dict>
			<key>03B97BE9271A9CD879DDC4EF</key>
			<dict>
				<key>explicitFileType</key>
				<string>sourcecode.c.h</string>
				<key>fileEncoding</key>
				<string>4</string>
				<key>isa</key>
				<string>PBXFileReference</string>
				<key>name</key>
				<string>xmlunicode.h</string>
				<key>path</key>
				<string>../../../../openFrameworks/addons/ofxSvg/libs/libxml2/include/libxml/xmlunicode.h</string>
				<key>sourceTree</key>
				<string>SOURCE_ROOT</string>
			</dict>
			<key>FF1FEC9EFB357582247E40AF</key>
			<dict>
				<key>explicitFileType</key>
				<string>sourcecode.c.h</string>
				<key>fileEncoding</key>
				<string>4</string>
				<key>isa</key>
				<string>PBXFileReference</string>
				<key>name</key>
				<string>xmlstring.h</string>
				<key>path</key>
				<string>../../../../openFrameworks/addons/ofxSvg/libs/libxml2/include/libxml/xmlstring.h</string>
				<key>sourceTree</key>
				<string>SOURCE_ROOT</string>
			</dict>
			<key>6F84CADA593412A6B889C62F</key>
			<dict>
				<key>explicitFileType</key>
				<string>sourcecode.c.h</string>
				<key>fileEncoding</key>
				<string>4</string>
				<key>isa</key>
				<string>PBXFileReference</string>
				<key>name</key>
				<string>xmlschemastypes.h</string>
				<key>path</key>
				<string>../../../../openFrameworks/addons/ofxSvg/libs/libxml2/include/libxml/xmlschemastypes.h</string>
				<key>sourceTree</key>
				<string>SOURCE_ROOT</string>
			</dict>
			<key>0806BAF4F3E20889C38819D7</key>
			<dict>
				<key>explicitFileType</key>
				<string>sourcecode.c.h</string>
				<key>fileEncoding</key>
				<string>4</string>
				<key>isa</key>
				<string>PBXFileReference</string>
				<key>name</key>
				<string>xmlschemas.h</string>
				<key>path</key>
				<string>../../../../openFrameworks/addons/ofxSvg/libs/libxml2/include/libxml/xmlschemas.h</string>
				<key>sourceTree</key>
				<string>SOURCE_ROOT</string>
			</dict>
			<key>0D96A3E66EBF1A698CDB6DEF</key>
			<dict>
				<key>explicitFileType</key>
				<string>sourcecode.c.h</string>
				<key>fileEncoding</key>
				<string>4</string>
				<key>isa</key>
				<string>PBXFileReference</string>
				<key>name</key>
				<string>xmlsave.h</string>
				<key>path</key>
				<string>../../../../openFrameworks/addons/ofxSvg/libs/libxml2/include/libxml/xmlsave.h</string>
				<key>sourceTree</key>
				<string>SOURCE_ROOT</string>
			</dict>
			<key>D1D05BF1B7CAEB7895D83E67</key>
			<dict>
				<key>explicitFileType</key>
				<string>sourcecode.c.h</string>
				<key>fileEncoding</key>
				<string>4</string>
				<key>isa</key>
				<string>PBXFileReference</string>
				<key>name</key>
				<string>xmlregexp.h</string>
				<key>path</key>
				<string>../../../../openFrameworks/addons/ofxSvg/libs/libxml2/include/libxml/xmlregexp.h</string>
				<key>sourceTree</key>
				<string>SOURCE_ROOT</string>
			</dict>
			<key>6F0E5E6C6833588E9D2FBDDA</key>
			<dict>
				<key>explicitFileType</key>
				<string>sourcecode.c.h</string>
				<key>fileEncoding</key>
				<string>4</string>
				<key>isa</key>
				<string>PBXFileReference</string>
				<key>name</key>
				<string>xmlreader.h</string>
				<key>path</key>
				<string>../../../../openFrameworks/addons/ofxSvg/libs/libxml2/include/libxml/xmlreader.h</string>
				<key>sourceTree</key>
				<string>SOURCE_ROOT</string>
			</dict>
			<key>19ADD23EA405C705A42C07CE</key>
			<dict>
				<key>explicitFileType</key>
				<string>sourcecode.c.h</string>
				<key>fileEncoding</key>
				<string>4</string>
				<key>isa</key>
				<string>PBXFileReference</string>
				<key>name</key>
				<string>xmlmodule.h</string>
				<key>path</key>
				<string>../../../../openFrameworks/addons/ofxSvg/libs/libxml2/include/libxml/xmlmodule.h</string>
				<key>sourceTree</key>
				<string>SOURCE_ROOT</string>
			</dict>
			<key>A8D6AD46236623D9B6BF9A92</key>
			<dict>
				<key>explicitFileType</key>
				<string>sourcecode.c.h</string>
				<key>fileEncoding</key>
				<string>4</string>
				<key>isa</key>
				<string>PBXFileReference</string>
				<key>name</key>
				<string>xmlmemory.h</string>
				<key>path</key>
				<string>../../../../openFrameworks/addons/ofxSvg/libs/libxml2/include/libxml/xmlmemory.h</string>
				<key>sourceTree</key>
				<string>SOURCE_ROOT</string>
			</dict>
			<key>400B36849FCFADD8201F4EC8</key>
			<dict>
				<key>explicitFileType</key>
				<string>sourcecode.c.h</string>
				<key>fileEncoding</key>
				<string>4</string>
				<key>isa</key>
				<string>PBXFileReference</string>
				<key>name</key>
				<string>xmlIO.h</string>
				<key>path</key>
				<string>../../../../openFrameworks/addons/ofxSvg/libs/libxml2/include/libxml/xmlIO.h</string>
				<key>sourceTree</key>
				<string>SOURCE_ROOT</string>
			</dict>
			<key>CE47449E5DC1358284CB58C3</key>
			<dict>
				<key>explicitFileType</key>
				<string>sourcecode.c.h</string>
				<key>fileEncoding</key>
				<string>4</string>
				<key>isa</key>
				<string>PBXFileReference</string>
				<key>name</key>
				<string>xmlexports.h</string>
				<key>path</key>
				<string>../../../../openFrameworks/addons/ofxSvg/libs/libxml2/include/libxml/xmlexports.h</string>
				<key>sourceTree</key>
				<string>SOURCE_ROOT</string>
			</dict>
			<key>D5C506D15EA8DB876D994F88</key>
			<dict>
				<key>explicitFileType</key>
				<string>sourcecode.c.h</string>
				<key>fileEncoding</key>
				<string>4</string>
				<key>isa</key>
				<string>PBXFileReference</string>
				<key>name</key>
				<string>xmlerror.h</string>
				<key>path</key>
				<string>../../../../openFrameworks/addons/ofxSvg/libs/libxml2/include/libxml/xmlerror.h</string>
				<key>sourceTree</key>
				<string>SOURCE_ROOT</string>
			</dict>
			<key>C6200A640D87BFFFA803ED73</key>
			<dict>
				<key>explicitFileType</key>
				<string>sourcecode.c.h</string>
				<key>fileEncoding</key>
				<string>4</string>
				<key>isa</key>
				<string>PBXFileReference</string>
				<key>name</key>
				<string>xmlautomata.h</string>
				<key>path</key>
				<string>../../../../openFrameworks/addons/ofxSvg/libs/libxml2/include/libxml/xmlautomata.h</string>
				<key>sourceTree</key>
				<string>SOURCE_ROOT</string>
			</dict>
			<key>59E3747A4D3E994FBC6B5A8A</key>
			<dict>
				<key>explicitFileType</key>
				<string>sourcecode.c.h</string>
				<key>fileEncoding</key>
				<string>4</string>
				<key>isa</key>
				<string>PBXFileReference</string>
				<key>name</key>
				<string>xlink.h</string>
				<key>path</key>
				<string>../../../../openFrameworks/addons/ofxSvg/libs/libxml2/include/libxml/xlink.h</string>
				<key>sourceTree</key>
				<string>SOURCE_ROOT</string>
			</dict>
			<key>C77A56010D2756C9F060D925</key>
			<dict>
				<key>explicitFileType</key>
				<string>sourcecode.c.h</string>
				<key>fileEncoding</key>
				<string>4</string>
				<key>isa</key>
				<string>PBXFileReference</string>
				<key>name</key>
				<string>xinclude.h</string>
				<key>path</key>
				<string>../../../../openFrameworks/addons/ofxSvg/libs/libxml2/include/libxml/xinclude.h</string>
				<key>sourceTree</key>
				<string>SOURCE_ROOT</string>
			</dict>
			<key>A495180E219145A8FDAE428A</key>
			<dict>
				<key>explicitFileType</key>
				<string>sourcecode.c.h</string>
				<key>fileEncoding</key>
				<string>4</string>
				<key>isa</key>
				<string>PBXFileReference</string>
				<key>name</key>
				<string>valid.h</string>
				<key>path</key>
				<string>../../../../openFrameworks/addons/ofxSvg/libs/libxml2/include/libxml/valid.h</string>
				<key>sourceTree</key>
				<string>SOURCE_ROOT</string>
			</dict>
			<key>DC4FE583662FA404520B2980</key>
			<dict>
				<key>explicitFileType</key>
				<string>sourcecode.c.h</string>
				<key>fileEncoding</key>
				<string>4</string>
				<key>isa</key>
				<string>PBXFileReference</string>
				<key>name</key>
				<string>uri.h</string>
				<key>path</key>
				<string>../../../../openFrameworks/addons/ofxSvg/libs/libxml2/include/libxml/uri.h</string>
				<key>sourceTree</key>
				<string>SOURCE_ROOT</string>
			</dict>
			<key>D7E5A762766C72981A0F5E41</key>
			<dict>
				<key>explicitFileType</key>
				<string>sourcecode.c.h</string>
				<key>fileEncoding</key>
				<string>4</string>
				<key>isa</key>
				<string>PBXFileReference</string>
				<key>name</key>
				<string>tree.h</string>
				<key>path</key>
				<string>../../../../openFrameworks/addons/ofxSvg/libs/libxml2/include/libxml/tree.h</string>
				<key>sourceTree</key>
				<string>SOURCE_ROOT</string>
			</dict>
			<key>1F71CB7ACB558D77AB9374BF</key>
			<dict>
				<key>explicitFileType</key>
				<string>sourcecode.c.h</string>
				<key>fileEncoding</key>
				<string>4</string>
				<key>isa</key>
				<string>PBXFileReference</string>
				<key>name</key>
				<string>threads.h</string>
				<key>path</key>
				<string>../../../../openFrameworks/addons/ofxSvg/libs/libxml2/include/libxml/threads.h</string>
				<key>sourceTree</key>
				<string>SOURCE_ROOT</string>
			</dict>
			<key>CCCF228B6D8339BED372F5A5</key>
			<dict>
				<key>explicitFileType</key>
				<string>sourcecode.c.h</string>
				<key>fileEncoding</key>
				<string>4</string>
				<key>isa</key>
				<string>PBXFileReference</string>
				<key>name</key>
				<string>schematron.h</string>
				<key>path</key>
				<string>../../../../openFrameworks/addons/ofxSvg/libs/libxml2/include/libxml/schematron.h</string>
				<key>sourceTree</key>
				<string>SOURCE_ROOT</string>
			</dict>
			<key>ED5CD1720BE76611A8274F07</key>
			<dict>
				<key>explicitFileType</key>
				<string>sourcecode.c.h</string>
				<key>fileEncoding</key>
				<string>4</string>
				<key>isa</key>
				<string>PBXFileReference</string>
				<key>name</key>
				<string>schemasInternals.h</string>
				<key>path</key>
				<string>../../../../openFrameworks/addons/ofxSvg/libs/libxml2/include/libxml/schemasInternals.h</string>
				<key>sourceTree</key>
				<string>SOURCE_ROOT</string>
			</dict>
			<key>FE7CEDAEE4C3D44F7E241982</key>
			<dict>
				<key>explicitFileType</key>
				<string>sourcecode.c.h</string>
				<key>fileEncoding</key>
				<string>4</string>
				<key>isa</key>
				<string>PBXFileReference</string>
				<key>name</key>
				<string>SAX2.h</string>
				<key>path</key>
				<string>../../../../openFrameworks/addons/ofxSvg/libs/libxml2/include/libxml/SAX2.h</string>
				<key>sourceTree</key>
				<string>SOURCE_ROOT</string>
			</dict>
			<key>F1A3D9A4136A678CA815B96D</key>
			<dict>
				<key>explicitFileType</key>
				<string>sourcecode.c.h</string>
				<key>fileEncoding</key>
				<string>4</string>
				<key>isa</key>
				<string>PBXFileReference</string>
				<key>name</key>
				<string>SAX.h</string>
				<key>path</key>
				<string>../../../../openFrameworks/addons/ofxSvg/libs/libxml2/include/libxml/SAX.h</string>
				<key>sourceTree</key>
				<string>SOURCE_ROOT</string>
			</dict>
			<key>3CD71C3A3AC3717411D6F728</key>
			<dict>
				<key>explicitFileType</key>
				<string>sourcecode.c.h</string>
				<key>fileEncoding</key>
				<string>4</string>
				<key>isa</key>
				<string>PBXFileReference</string>
				<key>name</key>
				<string>relaxng.h</string>
				<key>path</key>
				<string>../../../../openFrameworks/addons/ofxSvg/libs/libxml2/include/libxml/relaxng.h</string>
				<key>sourceTree</key>
				<string>SOURCE_ROOT</string>
			</dict>
			<key>F5D2CFC639D110731C5B016E</key>
			<dict>
				<key>explicitFileType</key>
				<string>sourcecode.c.h</string>
				<key>fileEncoding</key>
				<string>4</string>
				<key>isa</key>
				<string>PBXFileReference</string>
				<key>name</key>
				<string>pattern.h</string>
				<key>path</key>
				<string>../../../../openFrameworks/addons/ofxSvg/libs/libxml2/include/libxml/pattern.h</string>
				<key>sourceTree</key>
				<string>SOURCE_ROOT</string>
			</dict>
			<key>CF484054CA61F684245476C6</key>
			<dict>
				<key>explicitFileType</key>
				<string>sourcecode.c.h</string>
				<key>fileEncoding</key>
				<string>4</string>
				<key>isa</key>
				<string>PBXFileReference</string>
				<key>name</key>
				<string>parserInternals.h</string>
				<key>path</key>
				<string>../../../../openFrameworks/addons/ofxSvg/libs/libxml2/include/libxml/parserInternals.h</string>
				<key>sourceTree</key>
				<string>SOURCE_ROOT</string>
			</dict>
			<key>53B10C4396A9649BC579BF03</key>
			<dict>
				<key>explicitFileType</key>
				<string>sourcecode.c.h</string>
				<key>fileEncoding</key>
				<string>4</string>
				<key>isa</key>
				<string>PBXFileReference</string>
				<key>name</key>
				<string>parser.h</string>
				<key>path</key>
				<string>../../../../openFrameworks/addons/ofxSvg/libs/libxml2/include/libxml/parser.h</string>
				<key>sourceTree</key>
				<string>SOURCE_ROOT</string>
			</dict>
			<key>DF6805E0211C6E50AD1E8A08</key>
			<dict>
				<key>explicitFileType</key>
				<string>sourcecode.c.h</string>
				<key>fileEncoding</key>
				<string>4</string>
				<key>isa</key>
				<string>PBXFileReference</string>
				<key>name</key>
				<string>nanohttp.h</string>
				<key>path</key>
				<string>../../../../openFrameworks/addons/ofxSvg/libs/libxml2/include/libxml/nanohttp.h</string>
				<key>sourceTree</key>
				<string>SOURCE_ROOT</string>
			</dict>
			<key>DFBCA8F76037F2DD6A279B81</key>
			<dict>
				<key>explicitFileType</key>
				<string>sourcecode.c.h</string>
				<key>fileEncoding</key>
				<string>4</string>
				<key>isa</key>
				<string>PBXFileReference</string>
				<key>name</key>
				<string>nanoftp.h</string>
				<key>path</key>
				<string>../../../../openFrameworks/addons/ofxSvg/libs/libxml2/include/libxml/nanoftp.h</string>
				<key>sourceTree</key>
				<string>SOURCE_ROOT</string>
			</dict>
			<key>5C20A5EB8E9E1A1344122E29</key>
			<dict>
				<key>explicitFileType</key>
				<string>sourcecode.c.h</string>
				<key>fileEncoding</key>
				<string>4</string>
				<key>isa</key>
				<string>PBXFileReference</string>
				<key>name</key>
				<string>list.h</string>
				<key>path</key>
				<string>../../../../openFrameworks/addons/ofxSvg/libs/libxml2/include/libxml/list.h</string>
				<key>sourceTree</key>
				<string>SOURCE_ROOT</string>
			</dict>
			<key>7EC1ED0FC9B065479516252A</key>
			<dict>
				<key>explicitFileType</key>
				<string>sourcecode.c.h</string>
				<key>fileEncoding</key>
				<string>4</string>
				<key>isa</key>
				<string>PBXFileReference</string>
				<key>name</key>
				<string>HTMLtree.h</string>
				<key>path</key>
				<string>../../../../openFrameworks/addons/ofxSvg/libs/libxml2/include/libxml/HTMLtree.h</string>
				<key>sourceTree</key>
				<string>SOURCE_ROOT</string>
			</dict>
			<key>FE0786DF4291561B6E79DAEA</key>
			<dict>
				<key>explicitFileType</key>
				<string>sourcecode.c.h</string>
				<key>fileEncoding</key>
				<string>4</string>
				<key>isa</key>
				<string>PBXFileReference</string>
				<key>name</key>
				<string>HTMLparser.h</string>
				<key>path</key>
				<string>../../../../openFrameworks/addons/ofxSvg/libs/libxml2/include/libxml/HTMLparser.h</string>
				<key>sourceTree</key>
				<string>SOURCE_ROOT</string>
			</dict>
			<key>CF3435DDC7269CBECA0BBFA9</key>
			<dict>
				<key>explicitFileType</key>
				<string>sourcecode.c.h</string>
				<key>fileEncoding</key>
				<string>4</string>
				<key>isa</key>
				<string>PBXFileReference</string>
				<key>name</key>
				<string>hash.h</string>
				<key>path</key>
				<string>../../../../openFrameworks/addons/ofxSvg/libs/libxml2/include/libxml/hash.h</string>
				<key>sourceTree</key>
				<string>SOURCE_ROOT</string>
			</dict>
			<key>6207383DA8C3C711E025107E</key>
			<dict>
				<key>explicitFileType</key>
				<string>sourcecode.c.h</string>
				<key>fileEncoding</key>
				<string>4</string>
				<key>isa</key>
				<string>PBXFileReference</string>
				<key>name</key>
				<string>globals.h</string>
				<key>path</key>
				<string>../../../../openFrameworks/addons/ofxSvg/libs/libxml2/include/libxml/globals.h</string>
				<key>sourceTree</key>
				<string>SOURCE_ROOT</string>
			</dict>
			<key>16CCB6E3FD19610384F79F9A</key>
			<dict>
				<key>explicitFileType</key>
				<string>sourcecode.c.h</string>
				<key>fileEncoding</key>
				<string>4</string>
				<key>isa</key>
				<string>PBXFileReference</string>
				<key>name</key>
				<string>entities.h</string>
				<key>path</key>
				<string>../../../../openFrameworks/addons/ofxSvg/libs/libxml2/include/libxml/entities.h</string>
				<key>sourceTree</key>
				<string>SOURCE_ROOT</string>
			</dict>
			<key>FE84D064BF16176787314AEC</key>
			<dict>
				<key>explicitFileType</key>
				<string>sourcecode.c.h</string>
				<key>fileEncoding</key>
				<string>4</string>
				<key>isa</key>
				<string>PBXFileReference</string>
				<key>name</key>
				<string>encoding.h</string>
				<key>path</key>
				<string>../../../../openFrameworks/addons/ofxSvg/libs/libxml2/include/libxml/encoding.h</string>
				<key>sourceTree</key>
				<string>SOURCE_ROOT</string>
			</dict>
			<key>E5AC6C72EB5A6ACE35B3AF31</key>
			<dict>
				<key>explicitFileType</key>
				<string>sourcecode.c.h</string>
				<key>fileEncoding</key>
				<string>4</string>
				<key>isa</key>
				<string>PBXFileReference</string>
				<key>name</key>
				<string>DOCBparser.h</string>
				<key>path</key>
				<string>../../../../openFrameworks/addons/ofxSvg/libs/libxml2/include/libxml/DOCBparser.h</string>
				<key>sourceTree</key>
				<string>SOURCE_ROOT</string>
			</dict>
			<key>FBEBB5A590F9135527668486</key>
			<dict>
				<key>explicitFileType</key>
				<string>sourcecode.c.h</string>
				<key>fileEncoding</key>
				<string>4</string>
				<key>isa</key>
				<string>PBXFileReference</string>
				<key>name</key>
				<string>dict.h</string>
				<key>path</key>
				<string>../../../../openFrameworks/addons/ofxSvg/libs/libxml2/include/libxml/dict.h</string>
				<key>sourceTree</key>
				<string>SOURCE_ROOT</string>
			</dict>
			<key>2A9FDA7371903D03F6F57741</key>
			<dict>
				<key>explicitFileType</key>
				<string>sourcecode.c.h</string>
				<key>fileEncoding</key>
				<string>4</string>
				<key>isa</key>
				<string>PBXFileReference</string>
				<key>name</key>
				<string>debugXML.h</string>
				<key>path</key>
				<string>../../../../openFrameworks/addons/ofxSvg/libs/libxml2/include/libxml/debugXML.h</string>
				<key>sourceTree</key>
				<string>SOURCE_ROOT</string>
			</dict>
			<key>3FC073BBCC02514B055A8759</key>
			<dict>
				<key>explicitFileType</key>
				<string>sourcecode.c.h</string>
				<key>fileEncoding</key>
				<string>4</string>
				<key>isa</key>
				<string>PBXFileReference</string>
				<key>name</key>
				<string>chvalid.h</string>
				<key>path</key>
				<string>../../../../openFrameworks/addons/ofxSvg/libs/libxml2/include/libxml/chvalid.h</string>
				<key>sourceTree</key>
				<string>SOURCE_ROOT</string>
			</dict>
			<key>D31EC4F7AAE8560DE16C0A07</key>
			<dict>
				<key>explicitFileType</key>
				<string>sourcecode.c.h</string>
				<key>fileEncoding</key>
				<string>4</string>
				<key>isa</key>
				<string>PBXFileReference</string>
				<key>name</key>
				<string>catalog.h</string>
				<key>path</key>
				<string>../../../../openFrameworks/addons/ofxSvg/libs/libxml2/include/libxml/catalog.h</string>
				<key>sourceTree</key>
				<string>SOURCE_ROOT</string>
			</dict>
			<key>34383B8C0C105728B792B600</key>
			<dict>
				<key>children</key>
				<array>
					<string>26031D995910217EC7CC9B31</string>
					<string>D31EC4F7AAE8560DE16C0A07</string>
					<string>3FC073BBCC02514B055A8759</string>
					<string>2A9FDA7371903D03F6F57741</string>
					<string>FBEBB5A590F9135527668486</string>
					<string>E5AC6C72EB5A6ACE35B3AF31</string>
					<string>FE84D064BF16176787314AEC</string>
					<string>16CCB6E3FD19610384F79F9A</string>
					<string>6207383DA8C3C711E025107E</string>
					<string>CF3435DDC7269CBECA0BBFA9</string>
					<string>FE0786DF4291561B6E79DAEA</string>
					<string>7EC1ED0FC9B065479516252A</string>
					<string>5C20A5EB8E9E1A1344122E29</string>
					<string>DFBCA8F76037F2DD6A279B81</string>
					<string>DF6805E0211C6E50AD1E8A08</string>
					<string>53B10C4396A9649BC579BF03</string>
					<string>CF484054CA61F684245476C6</string>
					<string>F5D2CFC639D110731C5B016E</string>
					<string>3CD71C3A3AC3717411D6F728</string>
					<string>F1A3D9A4136A678CA815B96D</string>
					<string>FE7CEDAEE4C3D44F7E241982</string>
					<string>ED5CD1720BE76611A8274F07</string>
					<string>CCCF228B6D8339BED372F5A5</string>
					<string>1F71CB7ACB558D77AB9374BF</string>
					<string>D7E5A762766C72981A0F5E41</string>
					<string>DC4FE583662FA404520B2980</string>
					<string>A495180E219145A8FDAE428A</string>
					<string>C77A56010D2756C9F060D925</string>
					<string>59E3747A4D3E994FBC6B5A8A</string>
					<string>C6200A640D87BFFFA803ED73</string>
					<string>D5C506D15EA8DB876D994F88</string>
					<string>CE47449E5DC1358284CB58C3</string>
					<string>400B36849FCFADD8201F4EC8</string>
					<string>A8D6AD46236623D9B6BF9A92</string>
					<string>19ADD23EA405C705A42C07CE</string>
					<string>6F0E5E6C6833588E9D2FBDDA</string>
					<string>D1D05BF1B7CAEB7895D83E67</string>
					<string>0D96A3E66EBF1A698CDB6DEF</string>
					<string>0806BAF4F3E20889C38819D7</string>
					<string>6F84CADA593412A6B889C62F</string>
					<string>FF1FEC9EFB357582247E40AF</string>
					<string>03B97BE9271A9CD879DDC4EF</string>
					<string>439E6BE868963E7F180719BB</string>
					<string>B5A0BB21167E2ECCF45AD86A</string>
					<string>FE19CE02719E0603292412A4</string>
					<string>99A95C904A8AB50E5019FD22</string>
					<string>232B923114C2AA526ED75B50</string>
				</array>
				<key>isa</key>
				<string>PBXGroup</string>
				<key>name</key>
				<string>libxml</string>
				<key>sourceTree</key>
				<string>&lt;group&gt;</string>
			</dict>
			<key>3CDF9D0374E9C849F9AD4C6A</key>
			<dict>
				<key>children</key>
				<array>
					<string>34383B8C0C105728B792B600</string>
				</array>
				<key>isa</key>
				<string>PBXGroup</string>
				<key>name</key>
				<string>include</string>
				<key>sourceTree</key>
				<string>&lt;group&gt;</string>
			</dict>
			<key>92CAB14CB3CE8DFA86242673</key>
			<dict>
				<key>children</key>
				<array>
					<string>3CDF9D0374E9C849F9AD4C6A</string>
				</array>
				<key>isa</key>
				<string>PBXGroup</string>
				<key>name</key>
				<string>libxml2</string>
				<key>sourceTree</key>
				<string>&lt;group&gt;</string>
			</dict>
			<key>BF0BF2682B4F1C8B2D7A515B</key>
			<dict>
				<key>children</key>
				<array>
					<string>92CAB14CB3CE8DFA86242673</string>
					<string>56C3EF4F8B6741F408B86361</string>
				</array>
				<key>isa</key>
				<string>PBXGroup</string>
				<key>name</key>
				<string>libs</string>
				<key>sourceTree</key>
				<string>&lt;group&gt;</string>
			</dict>
			<key>26031D995910217EC7CC9B31</key>
			<dict>
				<key>explicitFileType</key>
				<string>sourcecode.c.h</string>
				<key>fileEncoding</key>
				<string>4</string>
				<key>isa</key>
				<string>PBXFileReference</string>
				<key>name</key>
				<string>c14n.h</string>
				<key>path</key>
				<string>../../../../openFrameworks/addons/ofxSvg/libs/libxml2/include/libxml/c14n.h</string>
				<key>sourceTree</key>
				<string>SOURCE_ROOT</string>
			</dict>
			<key>DFAB9712F8021DC9253EB6AB</key>
			<dict>
				<key>explicitFileType</key>
				<string>sourcecode.c.h</string>
				<key>fileEncoding</key>
				<string>4</string>
				<key>isa</key>
				<string>PBXFileReference</string>
				<key>name</key>
				<string>ofxSvg.h</string>
				<key>path</key>
				<string>../../../../openFrameworks/addons/ofxSvg/src/ofxSvg.h</string>
				<key>sourceTree</key>
				<string>SOURCE_ROOT</string>
			</dict>
			<key>DBB3EF673AE7E843FD50910D</key>
			<dict>
				<key>children</key>
				<array>
					<string>BA2EB804579B6F5D48E9E08D</string>
					<string>DFAB9712F8021DC9253EB6AB</string>
				</array>
				<key>isa</key>
				<string>PBXGroup</string>
				<key>name</key>
				<string>src</string>
				<key>sourceTree</key>
				<string>&lt;group&gt;</string>
			</dict>
			<key>F5F1F1EF8441E64FD46F07C8</key>
			<dict>
				<key>children</key>
				<array>
					<string>DBB3EF673AE7E843FD50910D</string>
					<string>BF0BF2682B4F1C8B2D7A515B</string>
				</array>
				<key>isa</key>
				<string>PBXGroup</string>
				<key>name</key>
				<string>ofxSvg</string>
				<key>sourceTree</key>
				<string>&lt;group&gt;</string>
			</dict>
			<key>4EFB302C501309A397077ECB</key>
			<dict>
				<key>fileRef</key>
				<string>BA2EB804579B6F5D48E9E08D</string>
				<key>isa</key>
				<string>PBXBuildFile</string>
			</dict>
			<key>BA2EB804579B6F5D48E9E08D</key>
			<dict>
				<key>explicitFileType</key>
				<string>sourcecode.cpp.cpp</string>
				<key>fileEncoding</key>
				<string>4</string>
				<key>isa</key>
				<string>PBXFileReference</string>
				<key>name</key>
				<string>ofxSvg.cpp</string>
				<key>path</key>
				<string>../../../../openFrameworks/addons/ofxSvg/src/ofxSvg.cpp</string>
				<key>sourceTree</key>
				<string>SOURCE_ROOT</string>
			</dict>
			<key>7EA25DDCA1D54C3C8842C3D8</key>
			<dict>
				<key>explicitFileType</key>
				<string>sourcecode.c.h</string>
				<key>fileEncoding</key>
				<string>4</string>
				<key>isa</key>
				<string>PBXFileReference</string>
				<key>name</key>
				<string>ofxToggle.h</string>
				<key>path</key>
				<string>../../../../openFrameworks/addons/ofxGui/src/ofxToggle.h</string>
				<key>sourceTree</key>
				<string>SOURCE_ROOT</string>
			</dict>
			<key>5DB0FD9C47C8AED393543077</key>
			<dict>
				<key>fileRef</key>
				<string>2CB61A3F6E62286D73F419FA</string>
				<key>isa</key>
				<string>PBXBuildFile</string>
			</dict>
			<key>2CB61A3F6E62286D73F419FA</key>
			<dict>
				<key>explicitFileType</key>
				<string>sourcecode.cpp.cpp</string>
				<key>fileEncoding</key>
				<string>4</string>
				<key>isa</key>
				<string>PBXFileReference</string>
				<key>name</key>
				<string>ofxToggle.cpp</string>
				<key>path</key>
				<string>../../../../openFrameworks/addons/ofxGui/src/ofxToggle.cpp</string>
				<key>sourceTree</key>
				<string>SOURCE_ROOT</string>
			</dict>
			<key>E02A8EBF0C4EDC22A5BE4011</key>
			<dict>
				<key>explicitFileType</key>
				<string>sourcecode.c.h</string>
				<key>fileEncoding</key>
				<string>4</string>
				<key>isa</key>
				<string>PBXFileReference</string>
				<key>name</key>
				<string>ofxSliderGroup.h</string>
				<key>path</key>
				<string>../../../../openFrameworks/addons/ofxGui/src/ofxSliderGroup.h</string>
				<key>sourceTree</key>
				<string>SOURCE_ROOT</string>
			</dict>
			<key>883A19B4FB8259967B85B9FF</key>
			<dict>
				<key>fileRef</key>
				<string>D8CE42EAFA1B5022BB6FFC4B</string>
				<key>isa</key>
				<string>PBXBuildFile</string>
			</dict>
			<key>D8CE42EAFA1B5022BB6FFC4B</key>
			<dict>
				<key>explicitFileType</key>
				<string>sourcecode.cpp.cpp</string>
				<key>fileEncoding</key>
				<string>4</string>
				<key>isa</key>
				<string>PBXFileReference</string>
				<key>name</key>
				<string>ofxSliderGroup.cpp</string>
				<key>path</key>
				<string>../../../../openFrameworks/addons/ofxGui/src/ofxSliderGroup.cpp</string>
				<key>sourceTree</key>
				<string>SOURCE_ROOT</string>
			</dict>
			<key>97332472E61EC4DA03FB7532</key>
			<dict>
				<key>explicitFileType</key>
				<string>sourcecode.c.h</string>
				<key>fileEncoding</key>
				<string>4</string>
				<key>isa</key>
				<string>PBXFileReference</string>
				<key>name</key>
				<string>ofxSlider.h</string>
				<key>path</key>
				<string>../../../../openFrameworks/addons/ofxGui/src/ofxSlider.h</string>
				<key>sourceTree</key>
				<string>SOURCE_ROOT</string>
			</dict>
			<key>72F586B1E35F0C5BCDB2003D</key>
			<dict>
				<key>fileRef</key>
				<string>6B0340B37FFF274102BE3CCC</string>
				<key>isa</key>
				<string>PBXBuildFile</string>
			</dict>
			<key>6B0340B37FFF274102BE3CCC</key>
			<dict>
				<key>explicitFileType</key>
				<string>sourcecode.cpp.cpp</string>
				<key>fileEncoding</key>
				<string>4</string>
				<key>isa</key>
				<string>PBXFileReference</string>
				<key>name</key>
				<string>ofxSlider.cpp</string>
				<key>path</key>
				<string>../../../../openFrameworks/addons/ofxGui/src/ofxSlider.cpp</string>
				<key>sourceTree</key>
				<string>SOURCE_ROOT</string>
			</dict>
			<key>C7C85D012956D84B9210CE5A</key>
			<dict>
				<key>explicitFileType</key>
				<string>sourcecode.c.h</string>
				<key>fileEncoding</key>
				<string>4</string>
				<key>isa</key>
				<string>PBXFileReference</string>
				<key>name</key>
				<string>ofxPanel.h</string>
				<key>path</key>
				<string>../../../../openFrameworks/addons/ofxGui/src/ofxPanel.h</string>
				<key>sourceTree</key>
				<string>SOURCE_ROOT</string>
			</dict>
			<key>5DE87C0399C3D16E809524E4</key>
			<dict>
				<key>fileRef</key>
				<string>3FE97224BEE70C8CAC2006DA</string>
				<key>isa</key>
				<string>PBXBuildFile</string>
			</dict>
			<key>3FE97224BEE70C8CAC2006DA</key>
			<dict>
				<key>explicitFileType</key>
				<string>sourcecode.cpp.cpp</string>
				<key>fileEncoding</key>
				<string>4</string>
				<key>isa</key>
				<string>PBXFileReference</string>
				<key>name</key>
				<string>ofxPanel.cpp</string>
				<key>path</key>
				<string>../../../../openFrameworks/addons/ofxGui/src/ofxPanel.cpp</string>
				<key>sourceTree</key>
				<string>SOURCE_ROOT</string>
			</dict>
			<key>F41A373B07B06D6E50036BA4</key>
			<dict>
				<key>explicitFileType</key>
				<string>sourcecode.c.h</string>
				<key>fileEncoding</key>
				<string>4</string>
				<key>isa</key>
				<string>PBXFileReference</string>
				<key>name</key>
				<string>ofxLabel.h</string>
				<key>path</key>
				<string>../../../../openFrameworks/addons/ofxGui/src/ofxLabel.h</string>
				<key>sourceTree</key>
				<string>SOURCE_ROOT</string>
			</dict>
			<key>13DBDF3E91D15454CDCE3F81</key>
			<dict>
				<key>fileRef</key>
				<string>807DA2130DDB7679341206D8</string>
				<key>isa</key>
				<string>PBXBuildFile</string>
			</dict>
			<key>807DA2130DDB7679341206D8</key>
			<dict>
				<key>explicitFileType</key>
				<string>sourcecode.cpp.cpp</string>
				<key>fileEncoding</key>
				<string>4</string>
				<key>isa</key>
				<string>PBXFileReference</string>
				<key>name</key>
				<string>ofxLabel.cpp</string>
				<key>path</key>
				<string>../../../../openFrameworks/addons/ofxGui/src/ofxLabel.cpp</string>
				<key>sourceTree</key>
				<string>SOURCE_ROOT</string>
			</dict>
			<key>5B2C7D4CF2554353C5066E0E</key>
			<dict>
				<key>explicitFileType</key>
				<string>sourcecode.c.h</string>
				<key>fileEncoding</key>
				<string>4</string>
				<key>isa</key>
				<string>PBXFileReference</string>
				<key>name</key>
				<string>ofxInputField.h</string>
				<key>path</key>
				<string>../../../../openFrameworks/addons/ofxGui/src/ofxInputField.h</string>
				<key>sourceTree</key>
				<string>SOURCE_ROOT</string>
			</dict>
			<key>3D838241B792EE1B6BEEF0BF</key>
			<dict>
				<key>fileRef</key>
				<string>D59EE14F03FD47E2FC27DF19</string>
				<key>isa</key>
				<string>PBXBuildFile</string>
			</dict>
			<key>D59EE14F03FD47E2FC27DF19</key>
			<dict>
				<key>explicitFileType</key>
				<string>sourcecode.cpp.cpp</string>
				<key>fileEncoding</key>
				<string>4</string>
				<key>isa</key>
				<string>PBXFileReference</string>
				<key>name</key>
				<string>ofxInputField.cpp</string>
				<key>path</key>
				<string>../../../../openFrameworks/addons/ofxGui/src/ofxInputField.cpp</string>
				<key>sourceTree</key>
				<string>SOURCE_ROOT</string>
			</dict>
			<key>FBAF68694A694072BD8D4217</key>
			<dict>
				<key>explicitFileType</key>
				<string>sourcecode.c.h</string>
				<key>fileEncoding</key>
				<string>4</string>
				<key>isa</key>
				<string>PBXFileReference</string>
				<key>name</key>
				<string>ofxGuiGroup.h</string>
				<key>path</key>
				<string>../../../../openFrameworks/addons/ofxGui/src/ofxGuiGroup.h</string>
				<key>sourceTree</key>
				<string>SOURCE_ROOT</string>
			</dict>
			<key>EB0E84BEAD177E6CB08DB4EF</key>
			<dict>
				<key>fileRef</key>
				<string>6C98999A0E2181C67387FF65</string>
				<key>isa</key>
				<string>PBXBuildFile</string>
			</dict>
			<key>6C98999A0E2181C67387FF65</key>
			<dict>
				<key>explicitFileType</key>
				<string>sourcecode.cpp.cpp</string>
				<key>fileEncoding</key>
				<string>4</string>
				<key>isa</key>
				<string>PBXFileReference</string>
				<key>name</key>
				<string>ofxGuiGroup.cpp</string>
				<key>path</key>
				<string>../../../../openFrameworks/addons/ofxGui/src/ofxGuiGroup.cpp</string>
				<key>sourceTree</key>
				<string>SOURCE_ROOT</string>
			</dict>
			<key>C0B01119435D4672DF3FF84B</key>
			<dict>
				<key>explicitFileType</key>
				<string>sourcecode.c.h</string>
				<key>fileEncoding</key>
				<string>4</string>
				<key>isa</key>
				<string>PBXFileReference</string>
				<key>name</key>
				<string>ofxGui.h</string>
				<key>path</key>
				<string>../../../../openFrameworks/addons/ofxGui/src/ofxGui.h</string>
				<key>sourceTree</key>
				<string>SOURCE_ROOT</string>
			</dict>
			<key>B384D0846FEE9AB38EE19710</key>
			<dict>
				<key>explicitFileType</key>
				<string>sourcecode.c.h</string>
				<key>fileEncoding</key>
				<string>4</string>
				<key>isa</key>
				<string>PBXFileReference</string>
				<key>name</key>
				<string>ofxColorPicker.h</string>
				<key>path</key>
				<string>../../../../openFrameworks/addons/ofxGui/src/ofxColorPicker.h</string>
				<key>sourceTree</key>
				<string>SOURCE_ROOT</string>
			</dict>
			<key>D8403D223E6256CB73567C79</key>
			<dict>
				<key>fileRef</key>
				<string>66A6B3625397F7D85482D45F</string>
				<key>isa</key>
				<string>PBXBuildFile</string>
			</dict>
			<key>66A6B3625397F7D85482D45F</key>
			<dict>
				<key>explicitFileType</key>
				<string>sourcecode.cpp.cpp</string>
				<key>fileEncoding</key>
				<string>4</string>
				<key>isa</key>
				<string>PBXFileReference</string>
				<key>name</key>
				<string>ofxColorPicker.cpp</string>
				<key>path</key>
				<string>../../../../openFrameworks/addons/ofxGui/src/ofxColorPicker.cpp</string>
				<key>sourceTree</key>
				<string>SOURCE_ROOT</string>
			</dict>
			<key>2C36B84F1D7547C03CD01C28</key>
			<dict>
				<key>explicitFileType</key>
				<string>sourcecode.c.h</string>
				<key>fileEncoding</key>
				<string>4</string>
				<key>isa</key>
				<string>PBXFileReference</string>
				<key>name</key>
				<string>ofxButton.h</string>
				<key>path</key>
				<string>../../../../openFrameworks/addons/ofxGui/src/ofxButton.h</string>
				<key>sourceTree</key>
				<string>SOURCE_ROOT</string>
			</dict>
			<key>BDED0ECDB2BE0FD939C38AEB</key>
			<dict>
				<key>fileRef</key>
				<string>7C3ED944D179B4C151BDD311</string>
				<key>isa</key>
				<string>PBXBuildFile</string>
			</dict>
			<key>7C3ED944D179B4C151BDD311</key>
			<dict>
				<key>explicitFileType</key>
				<string>sourcecode.cpp.cpp</string>
				<key>fileEncoding</key>
				<string>4</string>
				<key>isa</key>
				<string>PBXFileReference</string>
				<key>name</key>
				<string>ofxButton.cpp</string>
				<key>path</key>
				<string>../../../../openFrameworks/addons/ofxGui/src/ofxButton.cpp</string>
				<key>sourceTree</key>
				<string>SOURCE_ROOT</string>
			</dict>
			<key>E35C9532577449CCB61F814A</key>
			<dict>
				<key>explicitFileType</key>
				<string>sourcecode.c.h</string>
				<key>fileEncoding</key>
				<string>4</string>
				<key>isa</key>
				<string>PBXFileReference</string>
				<key>name</key>
				<string>ofxBaseGui.h</string>
				<key>path</key>
				<string>../../../../openFrameworks/addons/ofxGui/src/ofxBaseGui.h</string>
				<key>sourceTree</key>
				<string>SOURCE_ROOT</string>
			</dict>
			<key>A763ED608B35AE3310251DEE</key>
			<dict>
				<key>children</key>
				<array>
					<string>978FC5AD324430DE5A0A5D92</string>
					<string>E35C9532577449CCB61F814A</string>
					<string>7C3ED944D179B4C151BDD311</string>
					<string>2C36B84F1D7547C03CD01C28</string>
					<string>66A6B3625397F7D85482D45F</string>
					<string>B384D0846FEE9AB38EE19710</string>
					<string>C0B01119435D4672DF3FF84B</string>
					<string>6C98999A0E2181C67387FF65</string>
					<string>FBAF68694A694072BD8D4217</string>
					<string>D59EE14F03FD47E2FC27DF19</string>
					<string>5B2C7D4CF2554353C5066E0E</string>
					<string>807DA2130DDB7679341206D8</string>
					<string>F41A373B07B06D6E50036BA4</string>
					<string>3FE97224BEE70C8CAC2006DA</string>
					<string>C7C85D012956D84B9210CE5A</string>
					<string>6B0340B37FFF274102BE3CCC</string>
					<string>97332472E61EC4DA03FB7532</string>
					<string>D8CE42EAFA1B5022BB6FFC4B</string>
					<string>E02A8EBF0C4EDC22A5BE4011</string>
					<string>2CB61A3F6E62286D73F419FA</string>
					<string>7EA25DDCA1D54C3C8842C3D8</string>
				</array>
				<key>isa</key>
				<string>PBXGroup</string>
				<key>name</key>
				<string>src</string>
				<key>sourceTree</key>
				<string>&lt;group&gt;</string>
			</dict>
			<key>480A780D8D0308AE4A368801</key>
			<dict>
				<key>children</key>
				<array>
					<string>A763ED608B35AE3310251DEE</string>
				</array>
				<key>isa</key>
				<string>PBXGroup</string>
				<key>name</key>
				<string>ofxGui</string>
				<key>sourceTree</key>
				<string>&lt;group&gt;</string>
			</dict>
			<key>90A67B674EF9B104D82A5143</key>
			<dict>
				<key>fileRef</key>
				<string>978FC5AD324430DE5A0A5D92</string>
				<key>isa</key>
				<string>PBXBuildFile</string>
			</dict>
			<key>978FC5AD324430DE5A0A5D92</key>
			<dict>
				<key>explicitFileType</key>
				<string>sourcecode.cpp.cpp</string>
				<key>fileEncoding</key>
				<string>4</string>
				<key>isa</key>
				<string>PBXFileReference</string>
				<key>name</key>
				<string>ofxBaseGui.cpp</string>
				<key>path</key>
				<string>../../../../openFrameworks/addons/ofxGui/src/ofxBaseGui.cpp</string>
				<key>sourceTree</key>
				<string>SOURCE_ROOT</string>
			</dict>
			<key>6948EE371B920CB800B5AC1A</key>
			<dict>
				<key>children</key>
				<array />
				<key>isa</key>
				<string>PBXGroup</string>
				<key>name</key>
				<string>local_addons</string>
				<key>sourceTree</key>
				<string>&lt;group&gt;</string>
			</dict>
			<key>8466F1851C04CA0E00918B1C</key>
			<dict>
				<key>buildActionMask</key>
				<string>12</string>
				<key>files</key>
				<array />
				<key>inputPaths</key>
				<array />
				<key>isa</key>
				<string>PBXShellScriptBuildPhase</string>
				<key>outputPaths</key>
				<array />
				<key>runOnlyForDeploymentPostprocessing</key>
				<string>0</string>
				<key>shellPath</key>
				<string>/bin/sh</string>
				<key>shellScript</key>
				<string>echo "$GCC_PREPROCESSOR_DEFINITIONS";
APPSTORE=`expr "$GCC_PREPROCESSOR_DEFINITIONS" : ".*APPSTORE=\([0-9]*\)"`
if [ -z "$APPSTORE" ] ; then
echo "Note: Not copying bin/data to App Package or doing App Code signing. Use AppStore target for AppStore distribution";
else
# Copy bin/data into App/Resources
rsync -avz --exclude='.DS_Store' "${SRCROOT}/bin/data/" "${TARGET_BUILD_DIR}/${UNLOCALIZED_RESOURCES_FOLDER_PATH}/data/"

# ---- Code Sign App Package ----

# WARNING: You may have to run Clean in Xcode after changing CODE_SIGN_IDENTITY!

# Verify that $CODE_SIGN_IDENTITY is set
if [ -z "${CODE_SIGN_IDENTITY}" ] ; then
echo "CODE_SIGN_IDENTITY needs to be set for framework code-signing"
exit 0
fi

if [ -z "${CODE_SIGN_ENTITLEMENTS}" ] ; then
echo "CODE_SIGN_ENTITLEMENTS needs to be set for framework code-signing!"

if [ "${CONFIGURATION}" = "Release" ] ; then
exit 1
else
# Code-signing is optional for non-release builds.
exit 0
fi
fi

ITEMS=""

FRAMEWORKS_DIR="${TARGET_BUILD_DIR}/${FRAMEWORKS_FOLDER_PATH}"
echo "$FRAMEWORKS_DIR"
if [ -d "$FRAMEWORKS_DIR" ] ; then
FRAMEWORKS=$(find "${FRAMEWORKS_DIR}" -depth -type d -name "*.framework" -or -name "*.dylib" -or -name "*.bundle" | sed -e "s/\(.*framework\)/\1\/Versions\/A\//")
RESULT=$?
if [[ $RESULT != 0 ]] ; then
exit 1
fi

ITEMS="${FRAMEWORKS}"
fi

LOGINITEMS_DIR="${TARGET_BUILD_DIR}/${CONTENTS_FOLDER_PATH}/Library/LoginItems/"
if [ -d "$LOGINITEMS_DIR" ] ; then
LOGINITEMS=$(find "${LOGINITEMS_DIR}" -depth -type d -name "*.app")
RESULT=$?
if [[ $RESULT != 0 ]] ; then
exit 1
fi

ITEMS="${ITEMS}"$'\n'"${LOGINITEMS}"
fi

# Prefer the expanded name, if available.
CODE_SIGN_IDENTITY_FOR_ITEMS="${EXPANDED_CODE_SIGN_IDENTITY_NAME}"
if [ "${CODE_SIGN_IDENTITY_FOR_ITEMS}" = "" ] ; then
# Fall back to old behavior.
CODE_SIGN_IDENTITY_FOR_ITEMS="${CODE_SIGN_IDENTITY}"
fi

echo "Identity:"
echo "${CODE_SIGN_IDENTITY_FOR_ITEMS}"

echo "Entitlements:"
echo "${CODE_SIGN_ENTITLEMENTS}"

echo "Found:"
echo "${ITEMS}"

# Change the Internal Field Separator (IFS) so that spaces in paths will not cause problems below.
SAVED_IFS=$IFS
IFS=$(echo -en "\n\b")

# Loop through all items.
for ITEM in $ITEMS;
do
echo "Signing '${ITEM}'"
codesign --force --verbose --sign "${CODE_SIGN_IDENTITY_FOR_ITEMS}" --entitlements "${CODE_SIGN_ENTITLEMENTS}" "${ITEM}"
RESULT=$?
if [[ $RESULT != 0 ]] ; then
echo "Failed to sign '${ITEM}'."
IFS=$SAVED_IFS
exit 1
fi
done

# Restore $IFS.
IFS=$SAVED_IFS

fi
</string>
			</dict>
			<key>99FA3DBB1C7456C400CFA0EE</key>
			<dict>
				<key>baseConfigurationReference</key>
				<string>E4EB6923138AFD0F00A09F29</string>
				<key>buildSettings</key>
				<dict>
					<key>OTHER_LDFLAGS</key>
					<array>
						<string>$(OF_CORE_FRAMEWORKS) $(OF_CORE_LIBS)</string>
						<string>../../../../openFrameworks/addons/ofxSvg/libs/libxml2/lib/osx/xml2.a</string>
						<string>../../../../openFrameworks/addons/ofxSvg/libs/svgtiny/lib/osx/svgtiny.a</string>
					</array>
					<key>HEADER_SEARCH_PATHS</key>
					<array>
						<string>$(OF_CORE_HEADERS)</string>
						<string>../../../../openFrameworks/addons/ofxGui/src</string>
						<string>../../../../openFrameworks/addons/ofxSvg/libs</string>
						<string>../../../../openFrameworks/addons/ofxSvg/libs/libxml2</string>
						<string>../../../../openFrameworks/addons/ofxSvg/libs/libxml2/include</string>
						<string>../../../../openFrameworks/addons/ofxSvg/libs/libxml2/include/libxml</string>
						<string>../../../../openFrameworks/addons/ofxSvg/libs/libxml2/lib</string>
						<string>../../../../openFrameworks/addons/ofxSvg/libs/libxml2/lib/emscripten</string>
						<string>../../../../openFrameworks/addons/ofxSvg/libs/libxml2/lib/osx</string>
						<string>../../../../openFrameworks/addons/ofxSvg/libs/libxml2/license</string>
						<string>../../../../openFrameworks/addons/ofxSvg/libs/svgtiny</string>
						<string>../../../../openFrameworks/addons/ofxSvg/libs/svgtiny/include</string>
						<string>../../../../openFrameworks/addons/ofxSvg/libs/svgtiny/lib</string>
						<string>../../../../openFrameworks/addons/ofxSvg/libs/svgtiny/lib/emscripten</string>
						<string>../../../../openFrameworks/addons/ofxSvg/libs/svgtiny/lib/osx</string>
						<string>../../../../openFrameworks/addons/ofxSvg/libs/svgtiny/license</string>
						<string>../../../../openFrameworks/addons/ofxSvg/src</string>
						<string>../../../../openFrameworks/addons/ofxVectorGraphics/libs</string>
						<string>../../../../openFrameworks/addons/ofxVectorGraphics/src</string>
						<string>../../../../openFrameworks/addons/ofxXmlSettings/libs</string>
						<string>../../../../openFrameworks/addons/ofxXmlSettings/src</string>
					</array>
					<key>CONFIGURATION_BUILD_DIR</key>
					<string>$(SRCROOT)/bin/</string>
					<key>COPY_PHASE_STRIP</key>
					<string>YES</string>
					<key>DEAD_CODE_STRIPPING</key>
					<string>YES</string>
					<key>GCC_AUTO_VECTORIZATION</key>
					<string>YES</string>
					<key>GCC_ENABLE_SSE3_EXTENSIONS</key>
					<string>YES</string>
					<key>GCC_ENABLE_SUPPLEMENTAL_SSE3_INSTRUCTIONS</key>
					<string>YES</string>
					<key>GCC_INLINES_ARE_PRIVATE_EXTERN</key>
					<string>NO</string>
					<key>GCC_OPTIMIZATION_LEVEL</key>
					<string>3</string>
					<key>GCC_PREPROCESSOR_DEFINITIONS[arch=*]</key>
					<string>DISTRIBUTION=1</string>
					<key>GCC_SYMBOLS_PRIVATE_EXTERN</key>
					<string>NO</string>
					<key>GCC_UNROLL_LOOPS</key>
					<string>YES</string>
					<key>GCC_WARN_ABOUT_DEPRECATED_FUNCTIONS</key>
					<string>YES</string>
					<key>GCC_WARN_ABOUT_INVALID_OFFSETOF_MACRO</key>
					<string>NO</string>
					<key>GCC_WARN_ALLOW_INCOMPLETE_PROTOCOL</key>
					<string>NO</string>
					<key>GCC_WARN_UNINITIALIZED_AUTOS</key>
					<string>NO</string>
					<key>GCC_WARN_UNUSED_VALUE</key>
					<string>NO</string>
					<key>GCC_WARN_UNUSED_VARIABLE</key>
					<string>NO</string>
					<key>MACOSX_DEPLOYMENT_TARGET</key>
					<string>10.9</string>
					<key>OTHER_CPLUSPLUSFLAGS</key>
					<array>
						<string>-D__MACOSX_CORE__</string>
						<string>-mtune=native</string>
					</array>
					<key>SDKROOT</key>
					<string>macosx</string>
				</dict>
				<key>isa</key>
				<string>XCBuildConfiguration</string>
				<key>name</key>
				<string>AppStore</string>
			</dict>
			<key>99FA3DBC1C7456C400CFA0EE</key>
			<dict>
				<key>baseConfigurationReference</key>
				<string>E4EB6923138AFD0F00A09F29</string>
				<key>buildSettings</key>
				<dict>
					<key>OTHER_LDFLAGS</key>
					<array>
						<string>$(OF_CORE_FRAMEWORKS) $(OF_CORE_LIBS)</string>
						<string>../../../../openFrameworks/addons/ofxSvg/libs/libxml2/lib/osx/xml2.a</string>
						<string>../../../../openFrameworks/addons/ofxSvg/libs/svgtiny/lib/osx/svgtiny.a</string>
					</array>
					<key>HEADER_SEARCH_PATHS</key>
					<array>
						<string>$(OF_CORE_HEADERS)</string>
						<string>../../../../openFrameworks/addons/ofxGui/src</string>
						<string>../../../../openFrameworks/addons/ofxSvg/libs</string>
						<string>../../../../openFrameworks/addons/ofxSvg/libs/libxml2</string>
						<string>../../../../openFrameworks/addons/ofxSvg/libs/libxml2/include</string>
						<string>../../../../openFrameworks/addons/ofxSvg/libs/libxml2/include/libxml</string>
						<string>../../../../openFrameworks/addons/ofxSvg/libs/libxml2/lib</string>
						<string>../../../../openFrameworks/addons/ofxSvg/libs/libxml2/lib/emscripten</string>
						<string>../../../../openFrameworks/addons/ofxSvg/libs/libxml2/lib/osx</string>
						<string>../../../../openFrameworks/addons/ofxSvg/libs/libxml2/license</string>
						<string>../../../../openFrameworks/addons/ofxSvg/libs/svgtiny</string>
						<string>../../../../openFrameworks/addons/ofxSvg/libs/svgtiny/include</string>
						<string>../../../../openFrameworks/addons/ofxSvg/libs/svgtiny/lib</string>
						<string>../../../../openFrameworks/addons/ofxSvg/libs/svgtiny/lib/emscripten</string>
						<string>../../../../openFrameworks/addons/ofxSvg/libs/svgtiny/lib/osx</string>
						<string>../../../../openFrameworks/addons/ofxSvg/libs/svgtiny/license</string>
						<string>../../../../openFrameworks/addons/ofxSvg/src</string>
						<string>../../../../openFrameworks/addons/ofxVectorGraphics/libs</string>
						<string>../../../../openFrameworks/addons/ofxVectorGraphics/src</string>
						<string>../../../../openFrameworks/addons/ofxXmlSettings/libs</string>
						<string>../../../../openFrameworks/addons/ofxXmlSettings/src</string>
					</array>
					<key>COMBINE_HIDPI_IMAGES</key>
					<string>YES</string>
					<key>COPY_PHASE_STRIP</key>
					<string>YES</string>
					<key>FRAMEWORK_SEARCH_PATHS</key>
					<array>
						<string>$(inherited)</string>
					</array>
					<key>GCC_GENERATE_DEBUGGING_SYMBOLS</key>
					<string>YES</string>
					<key>GCC_MODEL_TUNING</key>
					<string>NONE</string>
					<key>GCC_PREPROCESSOR_DEFINITIONS[arch=*]</key>
					<string>APPSTORE=1</string>
					<key>ICON</key>
					<string>$(ICON_NAME_RELEASE)</string>
					<key>ICON_FILE</key>
					<string>$(ICON_FILE_PATH)$(ICON)</string>
					<key>INFOPLIST_FILE</key>
					<string>openFrameworks-Info.plist</string>
					<key>INSTALL_PATH</key>
					<string>/Applications</string>
					<key>LIBRARY_SEARCH_PATHS</key>
					<string>$(inherited)</string>
					<key>PRODUCT_NAME</key>
					<string>$(TARGET_NAME)</string>
					<key>WRAPPER_EXTENSION</key>
					<string>app</string>
					<key>baseConfigurationReference</key>
					<string>E4EB6923138AFD0F00A09F29</string>
				</dict>
				<key>isa</key>
				<string>XCBuildConfiguration</string>
				<key>name</key>
				<string>AppStore</string>
			</dict>
			<key>BB4B014C10F69532006C3DED</key>
			<dict>
				<key>children</key>
				<array>
					<string>480A780D8D0308AE4A368801</string>
					<string>F5F1F1EF8441E64FD46F07C8</string>
					<string>916B8DF9E7519F5BB8A2990B</string>
					<string>1F4FB5C423662B96ADFDCC0B</string>
				</array>
				<key>isa</key>
				<string>PBXGroup</string>
				<key>name</key>
				<string>addons</string>
				<key>sourceTree</key>
				<string>&lt;group&gt;</string>
			</dict>
			<key>E4328143138ABC890047C5CB</key>
			<dict>
				<key>isa</key>
				<string>PBXFileReference</string>
				<key>lastKnownFileType</key>
				<string>wrapper.pb-project</string>
				<key>name</key>
				<string>openFrameworksLib.xcodeproj</string>
				<key>path</key>
				<string>../../../../openFrameworks/libs/openFrameworksCompiled/project/osx/openFrameworksLib.xcodeproj</string>
				<key>sourceTree</key>
				<string>SOURCE_ROOT</string>
			</dict>
			<key>E4328144138ABC890047C5CB</key>
			<dict>
				<key>children</key>
				<array>
					<string>E4328148138ABC890047C5CB</string>
				</array>
				<key>isa</key>
				<string>PBXGroup</string>
				<key>name</key>
				<string>Products</string>
				<key>sourceTree</key>
				<string>&lt;group&gt;</string>
			</dict>
			<key>E4328147138ABC890047C5CB</key>
			<dict>
				<key>containerPortal</key>
				<string>E4328143138ABC890047C5CB</string>
				<key>isa</key>
				<string>PBXContainerItemProxy</string>
				<key>proxyType</key>
				<string>2</string>
				<key>remoteGlobalIDString</key>
				<string>E4B27C1510CBEB8E00536013</string>
				<key>remoteInfo</key>
				<string>openFrameworks</string>
			</dict>
			<key>E4328148138ABC890047C5CB</key>
			<dict>
				<key>fileType</key>
				<string>archive.ar</string>
				<key>isa</key>
				<string>PBXReferenceProxy</string>
				<key>path</key>
				<string>openFrameworksDebug.a</string>
				<key>remoteRef</key>
				<string>E4328147138ABC890047C5CB</string>
				<key>sourceTree</key>
				<string>BUILT_PRODUCTS_DIR</string>
			</dict>
			<key>E4328149138ABC9F0047C5CB</key>
			<dict>
				<key>fileRef</key>
				<string>E4328148138ABC890047C5CB</string>
				<key>isa</key>
				<string>PBXBuildFile</string>
			</dict>
			<key>E4B69B4A0A3A1720003C02F2</key>
			<dict>
				<key>children</key>
				<array>
					<string>E4B6FCAD0C3E899E008CF71C</string>
					<string>E4EB6923138AFD0F00A09F29</string>
					<string>E4B69E1C0A3A1BDC003C02F2</string>
					<string>E4EEC9E9138DF44700A80321</string>
					<string>BB4B014C10F69532006C3DED</string>
					<string>6948EE371B920CB800B5AC1A</string>
					<string>E4B69B5B0A3A1756003C02F2</string>
				</array>
				<key>isa</key>
				<string>PBXGroup</string>
				<key>sourceTree</key>
				<string>&lt;group&gt;</string>
			</dict>
			<key>E4B69B4C0A3A1720003C02F2</key>
			<dict>
				<key>attributes</key>
				<dict>
					<key>LastUpgradeCheck</key>
					<string>0600</string>
				</dict>
				<key>buildConfigurationList</key>
				<string>E4B69B4D0A3A1720003C02F2</string>
				<key>compatibilityVersion</key>
				<string>Xcode 3.2</string>
				<key>developmentRegion</key>
				<string>English</string>
				<key>hasScannedForEncodings</key>
				<string>0</string>
				<key>isa</key>
				<string>PBXProject</string>
				<key>knownRegions</key>
				<array>
					<string>English</string>
					<string>Japanese</string>
					<string>French</string>
					<string>German</string>
				</array>
				<key>mainGroup</key>
				<string>E4B69B4A0A3A1720003C02F2</string>
				<key>productRefGroup</key>
				<string>E4B69B4A0A3A1720003C02F2</string>
				<key>projectDirPath</key>
				<string />
				<key>projectReferences</key>
				<array>
					<dict>
						<key>ProductGroup</key>
						<string>E4328144138ABC890047C5CB</string>
						<key>ProjectRef</key>
						<string>E4328143138ABC890047C5CB</string>
					</dict>
				</array>
				<key>projectRoot</key>
				<string />
				<key>targets</key>
				<array>
					<string>E4B69B5A0A3A1756003C02F2</string>
				</array>
			</dict>
			<key>E4B69B4D0A3A1720003C02F2</key>
			<dict>
				<key>buildConfigurations</key>
				<array>
					<string>E4B69B4E0A3A1720003C02F2</string>
					<string>E4B69B4F0A3A1720003C02F2</string>
					<string>99FA3DBB1C7456C400CFA0EE</string>
				</array>
				<key>defaultConfigurationIsVisible</key>
				<string>0</string>
				<key>defaultConfigurationName</key>
				<string>Release</string>
				<key>isa</key>
				<string>XCConfigurationList</string>
			</dict>
			<key>E4B69B4E0A3A1720003C02F2</key>
			<dict>
				<key>baseConfigurationReference</key>
				<string>E4EB6923138AFD0F00A09F29</string>
				<key>buildSettings</key>
				<dict>
					<key>OTHER_LDFLAGS</key>
					<array>
						<string>$(OF_CORE_FRAMEWORKS) $(OF_CORE_LIBS)</string>
						<string>../../../../openFrameworks/addons/ofxSvg/libs/libxml2/lib/osx/xml2.a</string>
						<string>../../../../openFrameworks/addons/ofxSvg/libs/svgtiny/lib/osx/svgtiny.a</string>
					</array>
					<key>HEADER_SEARCH_PATHS</key>
					<array>
						<string>$(OF_CORE_HEADERS)</string>
						<string>../../../../openFrameworks/addons/ofxGui/src</string>
						<string>../../../../openFrameworks/addons/ofxSvg/libs</string>
						<string>../../../../openFrameworks/addons/ofxSvg/libs/libxml2</string>
						<string>../../../../openFrameworks/addons/ofxSvg/libs/libxml2/include</string>
						<string>../../../../openFrameworks/addons/ofxSvg/libs/libxml2/include/libxml</string>
						<string>../../../../openFrameworks/addons/ofxSvg/libs/libxml2/lib</string>
						<string>../../../../openFrameworks/addons/ofxSvg/libs/libxml2/lib/emscripten</string>
						<string>../../../../openFrameworks/addons/ofxSvg/libs/libxml2/lib/osx</string>
						<string>../../../../openFrameworks/addons/ofxSvg/libs/libxml2/license</string>
						<string>../../../../openFrameworks/addons/ofxSvg/libs/svgtiny</string>
						<string>../../../../openFrameworks/addons/ofxSvg/libs/svgtiny/include</string>
						<string>../../../../openFrameworks/addons/ofxSvg/libs/svgtiny/lib</string>
						<string>../../../../openFrameworks/addons/ofxSvg/libs/svgtiny/lib/emscripten</string>
						<string>../../../../openFrameworks/addons/ofxSvg/libs/svgtiny/lib/osx</string>
						<string>../../../../openFrameworks/addons/ofxSvg/libs/svgtiny/license</string>
						<string>../../../../openFrameworks/addons/ofxSvg/src</string>
						<string>../../../../openFrameworks/addons/ofxVectorGraphics/libs</string>
						<string>../../../../openFrameworks/addons/ofxVectorGraphics/src</string>
						<string>../../../../openFrameworks/addons/ofxXmlSettings/libs</string>
						<string>../../../../openFrameworks/addons/ofxXmlSettings/src</string>
					</array>
					<key>CONFIGURATION_BUILD_DIR</key>
					<string>$(SRCROOT)/bin/</string>
					<key>COPY_PHASE_STRIP</key>
					<string>NO</string>
					<key>DEAD_CODE_STRIPPING</key>
					<string>YES</string>
					<key>GCC_AUTO_VECTORIZATION</key>
					<string>YES</string>
					<key>GCC_ENABLE_SSE3_EXTENSIONS</key>
					<string>YES</string>
					<key>GCC_ENABLE_SUPPLEMENTAL_SSE3_INSTRUCTIONS</key>
					<string>YES</string>
					<key>GCC_INLINES_ARE_PRIVATE_EXTERN</key>
					<string>NO</string>
					<key>GCC_OPTIMIZATION_LEVEL</key>
					<string>0</string>
					<key>GCC_SYMBOLS_PRIVATE_EXTERN</key>
					<string>NO</string>
					<key>GCC_WARN_ABOUT_DEPRECATED_FUNCTIONS</key>
					<string>YES</string>
					<key>GCC_WARN_ABOUT_INVALID_OFFSETOF_MACRO</key>
					<string>NO</string>
					<key>GCC_WARN_ALLOW_INCOMPLETE_PROTOCOL</key>
					<string>NO</string>
					<key>GCC_WARN_UNINITIALIZED_AUTOS</key>
					<string>NO</string>
					<key>GCC_WARN_UNUSED_VALUE</key>
					<string>NO</string>
					<key>GCC_WARN_UNUSED_VARIABLE</key>
					<string>NO</string>
					<key>MACOSX_DEPLOYMENT_TARGET</key>
					<string>10.9</string>
					<key>ONLY_ACTIVE_ARCH</key>
					<string>YES</string>
					<key>OTHER_CPLUSPLUSFLAGS</key>
					<array>
						<string>-D__MACOSX_CORE__</string>
						<string>-mtune=native</string>
					</array>
					<key>SDKROOT</key>
					<string>macosx</string>
				</dict>
				<key>isa</key>
				<string>XCBuildConfiguration</string>
				<key>name</key>
				<string>Debug</string>
			</dict>
			<key>E4B69B4F0A3A1720003C02F2</key>
			<dict>
				<key>baseConfigurationReference</key>
				<string>E4EB6923138AFD0F00A09F29</string>
				<key>buildSettings</key>
				<dict>
					<key>OTHER_LDFLAGS</key>
					<array>
						<string>$(OF_CORE_FRAMEWORKS) $(OF_CORE_LIBS)</string>
						<string>../../../../openFrameworks/addons/ofxSvg/libs/libxml2/lib/osx/xml2.a</string>
						<string>../../../../openFrameworks/addons/ofxSvg/libs/svgtiny/lib/osx/svgtiny.a</string>
					</array>
					<key>HEADER_SEARCH_PATHS</key>
					<array>
						<string>$(OF_CORE_HEADERS)</string>
						<string>../../../../openFrameworks/addons/ofxGui/src</string>
						<string>../../../../openFrameworks/addons/ofxSvg/libs</string>
						<string>../../../../openFrameworks/addons/ofxSvg/libs/libxml2</string>
						<string>../../../../openFrameworks/addons/ofxSvg/libs/libxml2/include</string>
						<string>../../../../openFrameworks/addons/ofxSvg/libs/libxml2/include/libxml</string>
						<string>../../../../openFrameworks/addons/ofxSvg/libs/libxml2/lib</string>
						<string>../../../../openFrameworks/addons/ofxSvg/libs/libxml2/lib/emscripten</string>
						<string>../../../../openFrameworks/addons/ofxSvg/libs/libxml2/lib/osx</string>
						<string>../../../../openFrameworks/addons/ofxSvg/libs/libxml2/license</string>
						<string>../../../../openFrameworks/addons/ofxSvg/libs/svgtiny</string>
						<string>../../../../openFrameworks/addons/ofxSvg/libs/svgtiny/include</string>
						<string>../../../../openFrameworks/addons/ofxSvg/libs/svgtiny/lib</string>
						<string>../../../../openFrameworks/addons/ofxSvg/libs/svgtiny/lib/emscripten</string>
						<string>../../../../openFrameworks/addons/ofxSvg/libs/svgtiny/lib/osx</string>
						<string>../../../../openFrameworks/addons/ofxSvg/libs/svgtiny/license</string>
						<string>../../../../openFrameworks/addons/ofxSvg/src</string>
						<string>../../../../openFrameworks/addons/ofxVectorGraphics/libs</string>
						<string>../../../../openFrameworks/addons/ofxVectorGraphics/src</string>
						<string>../../../../openFrameworks/addons/ofxXmlSettings/libs</string>
						<string>../../../../openFrameworks/addons/ofxXmlSettings/src</string>
					</array>
					<key>CONFIGURATION_BUILD_DIR</key>
					<string>$(SRCROOT)/bin/</string>
					<key>COPY_PHASE_STRIP</key>
					<string>YES</string>
					<key>DEAD_CODE_STRIPPING</key>
					<string>YES</string>
					<key>GCC_AUTO_VECTORIZATION</key>
					<string>YES</string>
					<key>GCC_ENABLE_SSE3_EXTENSIONS</key>
					<string>YES</string>
					<key>GCC_ENABLE_SUPPLEMENTAL_SSE3_INSTRUCTIONS</key>
					<string>YES</string>
					<key>GCC_INLINES_ARE_PRIVATE_EXTERN</key>
					<string>NO</string>
					<key>GCC_OPTIMIZATION_LEVEL</key>
					<string>3</string>
					<key>GCC_SYMBOLS_PRIVATE_EXTERN</key>
					<string>NO</string>
					<key>GCC_UNROLL_LOOPS</key>
					<string>YES</string>
					<key>GCC_WARN_ABOUT_DEPRECATED_FUNCTIONS</key>
					<string>YES</string>
					<key>GCC_WARN_ABOUT_INVALID_OFFSETOF_MACRO</key>
					<string>NO</string>
					<key>GCC_WARN_ALLOW_INCOMPLETE_PROTOCOL</key>
					<string>NO</string>
					<key>GCC_WARN_UNINITIALIZED_AUTOS</key>
					<string>NO</string>
					<key>GCC_WARN_UNUSED_VALUE</key>
					<string>NO</string>
					<key>GCC_WARN_UNUSED_VARIABLE</key>
					<string>NO</string>
					<key>MACOSX_DEPLOYMENT_TARGET</key>
					<string>10.9</string>
					<key>OTHER_CPLUSPLUSFLAGS</key>
					<array>
						<string>-D__MACOSX_CORE__</string>
						<string>-mtune=native</string>
					</array>
					<key>SDKROOT</key>
					<string>macosx</string>
				</dict>
				<key>isa</key>
				<string>XCBuildConfiguration</string>
				<key>name</key>
				<string>Release</string>
			</dict>
			<key>E4B69B580A3A1756003C02F2</key>
			<dict>
				<key>buildActionMask</key>
				<string>2147483647</string>
				<key>files</key>
				<array>
					<string>E4B69E200A3A1BDC003C02F2</string>
					<string>E4B69E210A3A1BDC003C02F2</string>
					<string>90A67B674EF9B104D82A5143</string>
					<string>BDED0ECDB2BE0FD939C38AEB</string>
					<string>D8403D223E6256CB73567C79</string>
					<string>EB0E84BEAD177E6CB08DB4EF</string>
					<string>3D838241B792EE1B6BEEF0BF</string>
					<string>13DBDF3E91D15454CDCE3F81</string>
					<string>5DE87C0399C3D16E809524E4</string>
					<string>72F586B1E35F0C5BCDB2003D</string>
					<string>883A19B4FB8259967B85B9FF</string>
					<string>5DB0FD9C47C8AED393543077</string>
					<string>4EFB302C501309A397077ECB</string>
					<string>47C88243EB18BFF1BB72A25F</string>
					<string>D5B609AEDE1ECCD759E86588</string>
					<string>F6534AED134055E88D5B93D8</string>
					<string>0B66F1AE0CA4BD88FB8B04DC</string>
					<string>5732B662A0B9D0B2ACD8A692</string>
					<string>38FFB71FA9B3878F6698ACEE</string>
				</array>
				<key>isa</key>
				<string>PBXSourcesBuildPhase</string>
				<key>runOnlyForDeploymentPostprocessing</key>
				<string>0</string>
			</dict>
			<key>E4B69B590A3A1756003C02F2</key>
			<dict>
				<key>buildActionMask</key>
				<string>2147483647</string>
				<key>files</key>
				<array>
					<string>E4328149138ABC9F0047C5CB</string>
				</array>
				<key>isa</key>
				<string>PBXFrameworksBuildPhase</string>
				<key>runOnlyForDeploymentPostprocessing</key>
				<string>0</string>
			</dict>
			<key>E4B69B5A0A3A1756003C02F2</key>
			<dict>
				<key>buildConfigurationList</key>
				<string>E4B69B5F0A3A1757003C02F2</string>
				<key>buildPhases</key>
				<array>
					<string>E4B69B580A3A1756003C02F2</string>
					<string>E4B69B590A3A1756003C02F2</string>
					<string>E4B6FFFD0C3F9AB9008CF71C</string>
					<string>E4C2427710CC5ABF004149E2</string>
					<string>8466F1851C04CA0E00918B1C</string>
				</array>
				<key>buildRules</key>
				<array />
				<key>dependencies</key>
				<array>
					<string>E4EEB9AC138B136A00A80321</string>
				</array>
				<key>isa</key>
				<string>PBXNativeTarget</string>
				<key>name</key>
				<string>drawingsTest</string>
				<key>productName</key>
				<string>myOFApp</string>
				<key>productReference</key>
				<string>E4B69B5B0A3A1756003C02F2</string>
				<key>productType</key>
				<string>com.apple.product-type.application</string>
			</dict>
			<key>E4B69B5B0A3A1756003C02F2</key>
			<dict>
				<key>explicitFileType</key>
				<string>wrapper.application</string>
				<key>includeInIndex</key>
				<string>0</string>
				<key>isa</key>
				<string>PBXFileReference</string>
				<key>path</key>
				<string>drawingsTestDebug.app</string>
				<key>sourceTree</key>
				<string>BUILT_PRODUCTS_DIR</string>
			</dict>
			<key>E4B69B5F0A3A1757003C02F2</key>
			<dict>
				<key>buildConfigurations</key>
				<array>
					<string>E4B69B600A3A1757003C02F2</string>
					<string>E4B69B610A3A1757003C02F2</string>
					<string>99FA3DBC1C7456C400CFA0EE</string>
				</array>
				<key>defaultConfigurationIsVisible</key>
				<string>0</string>
				<key>defaultConfigurationName</key>
				<string>Release</string>
				<key>isa</key>
				<string>XCConfigurationList</string>
			</dict>
			<key>E4B69B600A3A1757003C02F2</key>
			<dict>
				<key>baseConfigurationReference</key>
				<string>E4EB6923138AFD0F00A09F29</string>
				<key>buildSettings</key>
				<dict>
					<key>OTHER_LDFLAGS</key>
					<array>
						<string>$(OF_CORE_FRAMEWORKS) $(OF_CORE_LIBS)</string>
						<string>../../../../openFrameworks/addons/ofxSvg/libs/libxml2/lib/osx/xml2.a</string>
						<string>../../../../openFrameworks/addons/ofxSvg/libs/svgtiny/lib/osx/svgtiny.a</string>
					</array>
					<key>HEADER_SEARCH_PATHS</key>
					<array>
						<string>$(OF_CORE_HEADERS)</string>
						<string>../../../../openFrameworks/addons/ofxGui/src</string>
						<string>../../../../openFrameworks/addons/ofxSvg/libs</string>
						<string>../../../../openFrameworks/addons/ofxSvg/libs/libxml2</string>
						<string>../../../../openFrameworks/addons/ofxSvg/libs/libxml2/include</string>
						<string>../../../../openFrameworks/addons/ofxSvg/libs/libxml2/include/libxml</string>
						<string>../../../../openFrameworks/addons/ofxSvg/libs/libxml2/lib</string>
						<string>../../../../openFrameworks/addons/ofxSvg/libs/libxml2/lib/emscripten</string>
						<string>../../../../openFrameworks/addons/ofxSvg/libs/libxml2/lib/osx</string>
						<string>../../../../openFrameworks/addons/ofxSvg/libs/libxml2/license</string>
						<string>../../../../openFrameworks/addons/ofxSvg/libs/svgtiny</string>
						<string>../../../../openFrameworks/addons/ofxSvg/libs/svgtiny/include</string>
						<string>../../../../openFrameworks/addons/ofxSvg/libs/svgtiny/lib</string>
						<string>../../../../openFrameworks/addons/ofxSvg/libs/svgtiny/lib/emscripten</string>
						<string>../../../../openFrameworks/addons/ofxSvg/libs/svgtiny/lib/osx</string>
						<string>../../../../openFrameworks/addons/ofxSvg/libs/svgtiny/license</string>
						<string>../../../../openFrameworks/addons/ofxSvg/src</string>
						<string>../../../../openFrameworks/addons/ofxVectorGraphics/libs</string>
						<string>../../../../openFrameworks/addons/ofxVectorGraphics/src</string>
						<string>../../../../openFrameworks/addons/ofxXmlSettings/libs</string>
						<string>../../../../openFrameworks/addons/ofxXmlSettings/src</string>
					</array>
					<key>COMBINE_HIDPI_IMAGES</key>
					<string>YES</string>
					<key>COPY_PHASE_STRIP</key>
					<string>NO</string>
					<key>FRAMEWORK_SEARCH_PATHS</key>
					<array>
						<string>$(inherited)</string>
					</array>
					<key>GCC_DYNAMIC_NO_PIC</key>
					<string>NO</string>
					<key>GCC_GENERATE_DEBUGGING_SYMBOLS</key>
					<string>YES</string>
					<key>GCC_MODEL_TUNING</key>
					<string>NONE</string>
					<key>ICON</key>
					<string>$(ICON_NAME_DEBUG)</string>
					<key>ICON_FILE</key>
					<string>$(ICON_FILE_PATH)$(ICON)</string>
					<key>INFOPLIST_FILE</key>
					<string>openFrameworks-Info.plist</string>
					<key>INSTALL_PATH</key>
					<string>/Applications</string>
					<key>LIBRARY_SEARCH_PATHS</key>
					<string>$(inherited)</string>
					<key>PRODUCT_NAME</key>
					<string>$(TARGET_NAME)Debug</string>
					<key>WRAPPER_EXTENSION</key>
					<string>app</string>
				</dict>
				<key>isa</key>
				<string>XCBuildConfiguration</string>
				<key>name</key>
				<string>Debug</string>
			</dict>
			<key>E4B69B610A3A1757003C02F2</key>
			<dict>
				<key>baseConfigurationReference</key>
				<string>E4EB6923138AFD0F00A09F29</string>
				<key>buildSettings</key>
				<dict>
					<key>OTHER_LDFLAGS</key>
					<array>
						<string>$(OF_CORE_FRAMEWORKS) $(OF_CORE_LIBS)</string>
						<string>../../../../openFrameworks/addons/ofxSvg/libs/libxml2/lib/osx/xml2.a</string>
						<string>../../../../openFrameworks/addons/ofxSvg/libs/svgtiny/lib/osx/svgtiny.a</string>
					</array>
					<key>HEADER_SEARCH_PATHS</key>
					<array>
						<string>$(OF_CORE_HEADERS)</string>
						<string>../../../../openFrameworks/addons/ofxGui/src</string>
						<string>../../../../openFrameworks/addons/ofxSvg/libs</string>
						<string>../../../../openFrameworks/addons/ofxSvg/libs/libxml2</string>
						<string>../../../../openFrameworks/addons/ofxSvg/libs/libxml2/include</string>
						<string>../../../../openFrameworks/addons/ofxSvg/libs/libxml2/include/libxml</string>
						<string>../../../../openFrameworks/addons/ofxSvg/libs/libxml2/lib</string>
						<string>../../../../openFrameworks/addons/ofxSvg/libs/libxml2/lib/emscripten</string>
						<string>../../../../openFrameworks/addons/ofxSvg/libs/libxml2/lib/osx</string>
						<string>../../../../openFrameworks/addons/ofxSvg/libs/libxml2/license</string>
						<string>../../../../openFrameworks/addons/ofxSvg/libs/svgtiny</string>
						<string>../../../../openFrameworks/addons/ofxSvg/libs/svgtiny/include</string>
						<string>../../../../openFrameworks/addons/ofxSvg/libs/svgtiny/lib</string>
						<string>../../../../openFrameworks/addons/ofxSvg/libs/svgtiny/lib/emscripten</string>
						<string>../../../../openFrameworks/addons/ofxSvg/libs/svgtiny/lib/osx</string>
						<string>../../../../openFrameworks/addons/ofxSvg/libs/svgtiny/license</string>
						<string>../../../../openFrameworks/addons/ofxSvg/src</string>
						<string>../../../../openFrameworks/addons/ofxVectorGraphics/libs</string>
						<string>../../../../openFrameworks/addons/ofxVectorGraphics/src</string>
						<string>../../../../openFrameworks/addons/ofxXmlSettings/libs</string>
						<string>../../../../openFrameworks/addons/ofxXmlSettings/src</string>
					</array>
					<key>COMBINE_HIDPI_IMAGES</key>
					<string>YES</string>
					<key>COPY_PHASE_STRIP</key>
					<string>YES</string>
					<key>FRAMEWORK_SEARCH_PATHS</key>
					<array>
						<string>$(inherited)</string>
					</array>
					<key>GCC_GENERATE_DEBUGGING_SYMBOLS</key>
					<string>YES</string>
					<key>GCC_MODEL_TUNING</key>
					<string>NONE</string>
					<key>ICON</key>
					<string>$(ICON_NAME_RELEASE)</string>
					<key>ICON_FILE</key>
					<string>$(ICON_FILE_PATH)$(ICON)</string>
					<key>INFOPLIST_FILE</key>
					<string>openFrameworks-Info.plist</string>
					<key>INSTALL_PATH</key>
					<string>/Applications</string>
					<key>LIBRARY_SEARCH_PATHS</key>
					<string>$(inherited)</string>
					<key>PRODUCT_NAME</key>
					<string>$(TARGET_NAME)</string>
					<key>WRAPPER_EXTENSION</key>
					<string>app</string>
					<key>baseConfigurationReference</key>
					<string>E4EB6923138AFD0F00A09F29</string>
				</dict>
				<key>isa</key>
				<string>XCBuildConfiguration</string>
				<key>name</key>
				<string>Release</string>
			</dict>
			<key>E4B69E1C0A3A1BDC003C02F2</key>
			<dict>
				<key>children</key>
				<array>
					<string>E4B69E1D0A3A1BDC003C02F2</string>
					<string>E4B69E1E0A3A1BDC003C02F2</string>
					<string>E4B69E1F0A3A1BDC003C02F2</string>
				</array>
				<key>isa</key>
				<string>PBXGroup</string>
				<key>path</key>
				<string>src</string>
				<key>sourceTree</key>
				<string>SOURCE_ROOT</string>
			</dict>
			<key>E4B69E1D0A3A1BDC003C02F2</key>
			<dict>
				<key>fileEncoding</key>
				<string>4</string>
				<key>isa</key>
				<string>PBXFileReference</string>
				<key>lastKnownFileType</key>
				<string>sourcecode.cpp.cpp</string>
				<key>name</key>
				<string>main.cpp</string>
				<key>path</key>
				<string>src/main.cpp</string>
				<key>sourceTree</key>
				<string>SOURCE_ROOT</string>
			</dict>
			<key>E4B69E1E0A3A1BDC003C02F2</key>
			<dict>
				<key>explicitFileType</key>
				<string>sourcecode.cpp.cpp</string>
				<key>fileEncoding</key>
				<string>4</string>
				<key>isa</key>
				<string>PBXFileReference</string>
				<key>name</key>
				<string>ofApp.cpp</string>
				<key>path</key>
				<string>src/ofApp.cpp</string>
				<key>sourceTree</key>
				<string>SOURCE_ROOT</string>
			</dict>
			<key>E4B69E1F0A3A1BDC003C02F2</key>
			<dict>
				<key>fileEncoding</key>
				<string>4</string>
				<key>isa</key>
				<string>PBXFileReference</string>
				<key>lastKnownFileType</key>
				<string>sourcecode.c.h</string>
				<key>name</key>
				<string>ofApp.h</string>
				<key>path</key>
				<string>src/ofApp.h</string>
				<key>sourceTree</key>
				<string>SOURCE_ROOT</string>
			</dict>
			<key>E4B69E200A3A1BDC003C02F2</key>
			<dict>
				<key>fileRef</key>
				<string>E4B69E1D0A3A1BDC003C02F2</string>
				<key>isa</key>
				<string>PBXBuildFile</string>
			</dict>
			<key>E4B69E210A3A1BDC003C02F2</key>
			<dict>
				<key>fileRef</key>
				<string>E4B69E1E0A3A1BDC003C02F2</string>
				<key>isa</key>
				<string>PBXBuildFile</string>
			</dict>
			<key>E4B6FCAD0C3E899E008CF71C</key>
			<dict>
				<key>fileEncoding</key>
				<string>4</string>
				<key>isa</key>
				<string>PBXFileReference</string>
				<key>lastKnownFileType</key>
				<string>text.plist.xml</string>
				<key>path</key>
				<string>openFrameworks-Info.plist</string>
				<key>sourceTree</key>
				<string>&lt;group&gt;</string>
			</dict>
			<key>E4B6FFFD0C3F9AB9008CF71C</key>
			<dict>
				<key>buildActionMask</key>
				<string>2147483647</string>
				<key>files</key>
				<array />
				<key>inputPaths</key>
				<array />
				<key>isa</key>
				<string>PBXShellScriptBuildPhase</string>
				<key>outputPaths</key>
				<array />
				<key>runOnlyForDeploymentPostprocessing</key>
				<string>0</string>
				<key>shellPath</key>
				<string>/bin/sh</string>
				<key>shellScript</key>
				<string>mkdir -p "$TARGET_BUILD_DIR/$PRODUCT_NAME.app/Contents/Resources/"
# Copy default icon file into App/Resources
rsync -aved "$ICON_FILE" "$TARGET_BUILD_DIR/$PRODUCT_NAME.app/Contents/Resources/"
# Copy libfmod and change install directory for fmod to run
rsync -aved "$OF_PATH/libs/fmodex/lib/osx/libfmodex.dylib" "$TARGET_BUILD_DIR/$PRODUCT_NAME.app/Contents/Frameworks/";
install_name_tool -change @executable_path/libfmodex.dylib @executable_path/../Frameworks/libfmodex.dylib "$TARGET_BUILD_DIR/$PRODUCT_NAME.app/Contents/MacOS/$PRODUCT_NAME";

echo "$GCC_PREPROCESSOR_DEFINITIONS";
</string>
			</dict>
			<key>E4C2427710CC5ABF004149E2</key>
			<dict>
				<key>buildActionMask</key>
				<string>2147483647</string>
				<key>dstPath</key>
				<string />
				<key>dstSubfolderSpec</key>
				<string>10</string>
				<key>files</key>
				<array />
				<key>isa</key>
				<string>PBXCopyFilesBuildPhase</string>
				<key>runOnlyForDeploymentPostprocessing</key>
				<string>0</string>
			</dict>
			<key>E4EB691F138AFCF100A09F29</key>
			<dict>
				<key>fileEncoding</key>
				<string>4</string>
				<key>isa</key>
				<string>PBXFileReference</string>
				<key>lastKnownFileType</key>
				<string>text.xcconfig</string>
				<key>name</key>
				<string>CoreOF.xcconfig</string>
				<key>path</key>
				<string>../../../../openFrameworks/libs/openFrameworksCompiled/project/osx/CoreOF.xcconfig</string>
				<key>sourceTree</key>
				<string>SOURCE_ROOT</string>
			</dict>
			<key>E4EB6923138AFD0F00A09F29</key>
			<dict>
				<key>fileEncoding</key>
				<string>4</string>
				<key>isa</key>
				<string>PBXFileReference</string>
				<key>lastKnownFileType</key>
				<string>text.xcconfig</string>
				<key>path</key>
				<string>Project.xcconfig</string>
				<key>sourceTree</key>
				<string>&lt;group&gt;</string>
			</dict>
			<key>E4EEB9AB138B136A00A80321</key>
			<dict>
				<key>containerPortal</key>
				<string>E4328143138ABC890047C5CB</string>
				<key>isa</key>
				<string>PBXContainerItemProxy</string>
				<key>proxyType</key>
				<string>1</string>
				<key>remoteGlobalIDString</key>
				<string>E4B27C1410CBEB8E00536013</string>
				<key>remoteInfo</key>
				<string>openFrameworks</string>
			</dict>
			<key>E4EEB9AC138B136A00A80321</key>
			<dict>
				<key>isa</key>
				<string>PBXTargetDependency</string>
				<key>name</key>
				<string>openFrameworks</string>
				<key>targetProxy</key>
				<string>E4EEB9AB138B136A00A80321</string>
			</dict>
			<key>E4EEC9E9138DF44700A80321</key>
			<dict>
				<key>children</key>
				<array>
					<string>E4EB691F138AFCF100A09F29</string>
					<string>E4328143138ABC890047C5CB</string>
				</array>
				<key>isa</key>
				<string>PBXGroup</string>
				<key>name</key>
				<string>openFrameworks</string>
				<key>sourceTree</key>
				<string>&lt;group&gt;</string>
			</dict>
		</dict>
		<key>rootObject</key>
		<string>E4B69B4C0A3A1720003C02F2</string>
	</dict>
</plist>
